// !$*UTF8*$!
{
	archiveVersion = 1;
	classes = {
	};
	objectVersion = 50;
	objects = {

/* Begin PBXBuildFile section */
		FE556B66259CC70400066353 /* AppDelegate.swift in Sources */ = {isa = PBXBuildFile; fileRef = FE556B65259CC70400066353 /* AppDelegate.swift */; };
		FE556B68259CC70400066353 /* SceneDelegate.swift in Sources */ = {isa = PBXBuildFile; fileRef = FE556B67259CC70400066353 /* SceneDelegate.swift */; };
		FE556B6F259CC70500066353 /* Assets.xcassets in Resources */ = {isa = PBXBuildFile; fileRef = FE556B6E259CC70500066353 /* Assets.xcassets */; };
		FE556B8B259CCF1900066353 /* MainSplitViewController.swift in Sources */ = {isa = PBXBuildFile; fileRef = FE556B89259CCF1900066353 /* MainSplitViewController.swift */; };
		FE556B8C259CCF1900066353 /* MainSplitViewController.xib in Resources */ = {isa = PBXBuildFile; fileRef = FE556B8A259CCF1900066353 /* MainSplitViewController.xib */; };
		FE556B8E259CCF2E00066353 /* AppCoordinator.swift in Sources */ = {isa = PBXBuildFile; fileRef = FE556B8D259CCF2E00066353 /* AppCoordinator.swift */; };
		FE556B90259CD04800066353 /* ProductListCoordinator.swift in Sources */ = {isa = PBXBuildFile; fileRef = FE556B8F259CD04800066353 /* ProductListCoordinator.swift */; };
		FE556B92259CD06400066353 /* ProductDetailsCoordinator.swift in Sources */ = {isa = PBXBuildFile; fileRef = FE556B91259CD06400066353 /* ProductDetailsCoordinator.swift */; };
		FE556B95259CD09200066353 /* ProductListViewController.swift in Sources */ = {isa = PBXBuildFile; fileRef = FE556B93259CD09200066353 /* ProductListViewController.swift */; };
		FE556B96259CD09200066353 /* ProductListViewController.xib in Resources */ = {isa = PBXBuildFile; fileRef = FE556B94259CD09200066353 /* ProductListViewController.xib */; };
		FE556B99259CD0BD00066353 /* ProductDetailsViewController.swift in Sources */ = {isa = PBXBuildFile; fileRef = FE556B97259CD0BD00066353 /* ProductDetailsViewController.swift */; };
		FE556B9A259CD0BD00066353 /* ProductDetailsViewController.xib in Resources */ = {isa = PBXBuildFile; fileRef = FE556B98259CD0BD00066353 /* ProductDetailsViewController.xib */; };
		FE556B9E259CE4BD00066353 /* CoordinatorBase.swift in Sources */ = {isa = PBXBuildFile; fileRef = FE556B9D259CE4BD00066353 /* CoordinatorBase.swift */; };
		FE556BA0259CE84100066353 /* CoordinatorBaseTests.swift in Sources */ = {isa = PBXBuildFile; fileRef = FE556B9F259CE84100066353 /* CoordinatorBaseTests.swift */; };
		FE556BA3259D032400066353 /* TestBase.swift in Sources */ = {isa = PBXBuildFile; fileRef = FE556BA2259D032400066353 /* TestBase.swift */; };
		FE556BA5259D255B00066353 /* MainCoordinatorBase.swift in Sources */ = {isa = PBXBuildFile; fileRef = FE556BA4259D255B00066353 /* MainCoordinatorBase.swift */; };
		FE556BA7259D26F300066353 /* GenericCoordinatorBase.swift in Sources */ = {isa = PBXBuildFile; fileRef = FE556BA6259D26F300066353 /* GenericCoordinatorBase.swift */; };
		FE556BA9259D387D00066353 /* CoordinatorBaseProtocols.swift in Sources */ = {isa = PBXBuildFile; fileRef = FE556BA8259D387D00066353 /* CoordinatorBaseProtocols.swift */; };
		FE556BAC259D42E400066353 /* AppCoordinatorTests.swift in Sources */ = {isa = PBXBuildFile; fileRef = FE556BAB259D42E400066353 /* AppCoordinatorTests.swift */; };
/* End PBXBuildFile section */

/* Begin PBXContainerItemProxy section */
		FE556B79259CC70600066353 /* PBXContainerItemProxy */ = {
			isa = PBXContainerItemProxy;
			containerPortal = FE556B5A259CC70400066353 /* Project object */;
			proxyType = 1;
			remoteGlobalIDString = FE556B61259CC70400066353;
			remoteInfo = MeliProject;
		};
/* End PBXContainerItemProxy section */

/* Begin PBXFileReference section */
		FE556B62259CC70400066353 /* MeliProject.app */ = {isa = PBXFileReference; explicitFileType = wrapper.application; includeInIndex = 0; path = MeliProject.app; sourceTree = BUILT_PRODUCTS_DIR; };
		FE556B65259CC70400066353 /* AppDelegate.swift */ = {isa = PBXFileReference; lastKnownFileType = sourcecode.swift; path = AppDelegate.swift; sourceTree = "<group>"; };
		FE556B67259CC70400066353 /* SceneDelegate.swift */ = {isa = PBXFileReference; lastKnownFileType = sourcecode.swift; path = SceneDelegate.swift; sourceTree = "<group>"; };
		FE556B6E259CC70500066353 /* Assets.xcassets */ = {isa = PBXFileReference; lastKnownFileType = folder.assetcatalog; path = Assets.xcassets; sourceTree = "<group>"; };
		FE556B73259CC70500066353 /* Info.plist */ = {isa = PBXFileReference; lastKnownFileType = text.plist.xml; path = Info.plist; sourceTree = "<group>"; };
		FE556B78259CC70600066353 /* MeliProjectTests.xctest */ = {isa = PBXFileReference; explicitFileType = wrapper.cfbundle; includeInIndex = 0; path = MeliProjectTests.xctest; sourceTree = BUILT_PRODUCTS_DIR; };
		FE556B7E259CC70600066353 /* Info.plist */ = {isa = PBXFileReference; lastKnownFileType = text.plist.xml; path = Info.plist; sourceTree = "<group>"; };
		FE556B89259CCF1900066353 /* MainSplitViewController.swift */ = {isa = PBXFileReference; lastKnownFileType = sourcecode.swift; path = MainSplitViewController.swift; sourceTree = "<group>"; };
		FE556B8A259CCF1900066353 /* MainSplitViewController.xib */ = {isa = PBXFileReference; lastKnownFileType = file.xib; path = MainSplitViewController.xib; sourceTree = "<group>"; };
		FE556B8D259CCF2E00066353 /* AppCoordinator.swift */ = {isa = PBXFileReference; lastKnownFileType = sourcecode.swift; path = AppCoordinator.swift; sourceTree = "<group>"; };
		FE556B8F259CD04800066353 /* ProductListCoordinator.swift */ = {isa = PBXFileReference; lastKnownFileType = sourcecode.swift; path = ProductListCoordinator.swift; sourceTree = "<group>"; };
		FE556B91259CD06400066353 /* ProductDetailsCoordinator.swift */ = {isa = PBXFileReference; lastKnownFileType = sourcecode.swift; path = ProductDetailsCoordinator.swift; sourceTree = "<group>"; };
		FE556B93259CD09200066353 /* ProductListViewController.swift */ = {isa = PBXFileReference; lastKnownFileType = sourcecode.swift; path = ProductListViewController.swift; sourceTree = "<group>"; };
		FE556B94259CD09200066353 /* ProductListViewController.xib */ = {isa = PBXFileReference; lastKnownFileType = file.xib; path = ProductListViewController.xib; sourceTree = "<group>"; };
		FE556B97259CD0BD00066353 /* ProductDetailsViewController.swift */ = {isa = PBXFileReference; lastKnownFileType = sourcecode.swift; path = ProductDetailsViewController.swift; sourceTree = "<group>"; };
		FE556B98259CD0BD00066353 /* ProductDetailsViewController.xib */ = {isa = PBXFileReference; lastKnownFileType = file.xib; path = ProductDetailsViewController.xib; sourceTree = "<group>"; };
		FE556B9D259CE4BD00066353 /* CoordinatorBase.swift */ = {isa = PBXFileReference; lastKnownFileType = sourcecode.swift; path = CoordinatorBase.swift; sourceTree = "<group>"; };
		FE556B9F259CE84100066353 /* CoordinatorBaseTests.swift */ = {isa = PBXFileReference; lastKnownFileType = sourcecode.swift; path = CoordinatorBaseTests.swift; sourceTree = "<group>"; };
		FE556BA2259D032400066353 /* TestBase.swift */ = {isa = PBXFileReference; lastKnownFileType = sourcecode.swift; path = TestBase.swift; sourceTree = "<group>"; };
		FE556BA4259D255B00066353 /* MainCoordinatorBase.swift */ = {isa = PBXFileReference; lastKnownFileType = sourcecode.swift; path = MainCoordinatorBase.swift; sourceTree = "<group>"; };
		FE556BA6259D26F300066353 /* GenericCoordinatorBase.swift */ = {isa = PBXFileReference; lastKnownFileType = sourcecode.swift; path = GenericCoordinatorBase.swift; sourceTree = "<group>"; };
		FE556BA8259D387D00066353 /* CoordinatorBaseProtocols.swift */ = {isa = PBXFileReference; lastKnownFileType = sourcecode.swift; path = CoordinatorBaseProtocols.swift; sourceTree = "<group>"; };
		FE556BAB259D42E400066353 /* AppCoordinatorTests.swift */ = {isa = PBXFileReference; lastKnownFileType = sourcecode.swift; path = AppCoordinatorTests.swift; sourceTree = "<group>"; };
/* End PBXFileReference section */

/* Begin PBXFrameworksBuildPhase section */
		FE556B5F259CC70400066353 /* Frameworks */ = {
			isa = PBXFrameworksBuildPhase;
			buildActionMask = 2147483647;
			files = (
			);
			runOnlyForDeploymentPostprocessing = 0;
		};
		FE556B75259CC70600066353 /* Frameworks */ = {
			isa = PBXFrameworksBuildPhase;
			buildActionMask = 2147483647;
			files = (
			);
			runOnlyForDeploymentPostprocessing = 0;
		};
/* End PBXFrameworksBuildPhase section */

/* Begin PBXGroup section */
		FE556B59259CC70400066353 = {
			isa = PBXGroup;
			children = (
				FE556B64259CC70400066353 /* MeliProject */,
				FE556B7B259CC70600066353 /* MeliProjectTests */,
				FE556B63259CC70400066353 /* Products */,
			);
			sourceTree = "<group>";
		};
		FE556B63259CC70400066353 /* Products */ = {
			isa = PBXGroup;
			children = (
				FE556B62259CC70400066353 /* MeliProject.app */,
				FE556B78259CC70600066353 /* MeliProjectTests.xctest */,
			);
			name = Products;
			sourceTree = "<group>";
		};
		FE556B64259CC70400066353 /* MeliProject */ = {
			isa = PBXGroup;
			children = (
				FE556B9C259CD30500066353 /* Classes */,
				FE556B9B259CD2F900066353 /* Protocols */,
				FE556B88259CCEE400066353 /* Coordinators */,
				FE556B87259CCED800066353 /* ViewControllers */,
				FE556B65259CC70400066353 /* AppDelegate.swift */,
				FE556B67259CC70400066353 /* SceneDelegate.swift */,
				FE556B6E259CC70500066353 /* Assets.xcassets */,
				FE556B73259CC70500066353 /* Info.plist */,
			);
			path = MeliProject;
			sourceTree = "<group>";
		};
		FE556B7B259CC70600066353 /* MeliProjectTests */ = {
			isa = PBXGroup;
			children = (
				FE556BAD259D4B4D00066353 /* ClassesTests */,
				FE556BAA259D42CB00066353 /* CoordinatorsTests */,
				FE556BA1259D030F00066353 /* TestProtocols */,
				FE556B7E259CC70600066353 /* Info.plist */,
			);
			path = MeliProjectTests;
			sourceTree = "<group>";
		};
		FE556B87259CCED800066353 /* ViewControllers */ = {
			isa = PBXGroup;
			children = (
				FE556B89259CCF1900066353 /* MainSplitViewController.swift */,
				FE556B8A259CCF1900066353 /* MainSplitViewController.xib */,
				FE556B93259CD09200066353 /* ProductListViewController.swift */,
				FE556B94259CD09200066353 /* ProductListViewController.xib */,
				FE556B97259CD0BD00066353 /* ProductDetailsViewController.swift */,
				FE556B98259CD0BD00066353 /* ProductDetailsViewController.xib */,
			);
			path = ViewControllers;
			sourceTree = "<group>";
		};
		FE556B88259CCEE400066353 /* Coordinators */ = {
			isa = PBXGroup;
			children = (
				FE556B8D259CCF2E00066353 /* AppCoordinator.swift */,
				FE556B8F259CD04800066353 /* ProductListCoordinator.swift */,
				FE556B91259CD06400066353 /* ProductDetailsCoordinator.swift */,
			);
			path = Coordinators;
			sourceTree = "<group>";
		};
		FE556B9B259CD2F900066353 /* Protocols */ = {
			isa = PBXGroup;
			children = (
				FE556BA8259D387D00066353 /* CoordinatorBaseProtocols.swift */,
			);
			path = Protocols;
			sourceTree = "<group>";
		};
		FE556B9C259CD30500066353 /* Classes */ = {
			isa = PBXGroup;
			children = (
				FE556B9D259CE4BD00066353 /* CoordinatorBase.swift */,
				FE556BA4259D255B00066353 /* MainCoordinatorBase.swift */,
				FE556BA6259D26F300066353 /* GenericCoordinatorBase.swift */,
			);
			path = Classes;
			sourceTree = "<group>";
		};
		FE556BA1259D030F00066353 /* TestProtocols */ = {
			isa = PBXGroup;
			children = (
				FE556BA2259D032400066353 /* TestBase.swift */,
			);
			path = TestProtocols;
			sourceTree = "<group>";
		};
		FE556BAA259D42CB00066353 /* CoordinatorsTests */ = {
			isa = PBXGroup;
			children = (
				FE556BAB259D42E400066353 /* AppCoordinatorTests.swift */,
			);
			path = CoordinatorsTests;
			sourceTree = "<group>";
		};
		FE556BAD259D4B4D00066353 /* ClassesTests */ = {
			isa = PBXGroup;
			children = (
				FE556B9F259CE84100066353 /* CoordinatorBaseTests.swift */,
			);
			path = ClassesTests;
			sourceTree = "<group>";
		};
/* End PBXGroup section */

/* Begin PBXNativeTarget section */
		FE556B61259CC70400066353 /* MeliProject */ = {
			isa = PBXNativeTarget;
			buildConfigurationList = FE556B81259CC70600066353 /* Build configuration list for PBXNativeTarget "MeliProject" */;
			buildPhases = (
				FE556B5E259CC70400066353 /* Sources */,
				FE556B5F259CC70400066353 /* Frameworks */,
				FE556B60259CC70400066353 /* Resources */,
			);
			buildRules = (
			);
			dependencies = (
			);
			name = MeliProject;
			productName = MeliProject;
			productReference = FE556B62259CC70400066353 /* MeliProject.app */;
			productType = "com.apple.product-type.application";
		};
		FE556B77259CC70600066353 /* MeliProjectTests */ = {
			isa = PBXNativeTarget;
			buildConfigurationList = FE556B84259CC70600066353 /* Build configuration list for PBXNativeTarget "MeliProjectTests" */;
			buildPhases = (
				FE556B74259CC70600066353 /* Sources */,
				FE556B75259CC70600066353 /* Frameworks */,
				FE556B76259CC70600066353 /* Resources */,
			);
			buildRules = (
			);
			dependencies = (
				FE556B7A259CC70600066353 /* PBXTargetDependency */,
			);
			name = MeliProjectTests;
			productName = MeliProjectTests;
			productReference = FE556B78259CC70600066353 /* MeliProjectTests.xctest */;
			productType = "com.apple.product-type.bundle.unit-test";
		};
/* End PBXNativeTarget section */

/* Begin PBXProject section */
		FE556B5A259CC70400066353 /* Project object */ = {
			isa = PBXProject;
			attributes = {
				LastSwiftUpdateCheck = 1170;
				LastUpgradeCheck = 1170;
				ORGANIZATIONNAME = dante;
				TargetAttributes = {
					FE556B61259CC70400066353 = {
						CreatedOnToolsVersion = 11.7;
					};
					FE556B77259CC70600066353 = {
						CreatedOnToolsVersion = 11.7;
						TestTargetID = FE556B61259CC70400066353;
					};
				};
			};
			buildConfigurationList = FE556B5D259CC70400066353 /* Build configuration list for PBXProject "MeliProject" */;
			compatibilityVersion = "Xcode 9.3";
			developmentRegion = en;
			hasScannedForEncodings = 0;
			knownRegions = (
				en,
				Base,
			);
			mainGroup = FE556B59259CC70400066353;
			productRefGroup = FE556B63259CC70400066353 /* Products */;
			projectDirPath = "";
			projectRoot = "";
			targets = (
				FE556B61259CC70400066353 /* MeliProject */,
				FE556B77259CC70600066353 /* MeliProjectTests */,
			);
		};
/* End PBXProject section */

/* Begin PBXResourcesBuildPhase section */
		FE556B60259CC70400066353 /* Resources */ = {
			isa = PBXResourcesBuildPhase;
			buildActionMask = 2147483647;
			files = (
				FE556B8C259CCF1900066353 /* MainSplitViewController.xib in Resources */,
				FE556B96259CD09200066353 /* ProductListViewController.xib in Resources */,
				FE556B9A259CD0BD00066353 /* ProductDetailsViewController.xib in Resources */,
				FE556B6F259CC70500066353 /* Assets.xcassets in Resources */,
			);
			runOnlyForDeploymentPostprocessing = 0;
		};
		FE556B76259CC70600066353 /* Resources */ = {
			isa = PBXResourcesBuildPhase;
			buildActionMask = 2147483647;
			files = (
			);
			runOnlyForDeploymentPostprocessing = 0;
		};
/* End PBXResourcesBuildPhase section */

/* Begin PBXSourcesBuildPhase section */
		FE556B5E259CC70400066353 /* Sources */ = {
			isa = PBXSourcesBuildPhase;
			buildActionMask = 2147483647;
			files = (
				FE556BA5259D255B00066353 /* MainCoordinatorBase.swift in Sources */,
				FE556B8E259CCF2E00066353 /* AppCoordinator.swift in Sources */,
				FE556B92259CD06400066353 /* ProductDetailsCoordinator.swift in Sources */,
				FE556B95259CD09200066353 /* ProductListViewController.swift in Sources */,
				FE556BA7259D26F300066353 /* GenericCoordinatorBase.swift in Sources */,
				FE556BA9259D387D00066353 /* CoordinatorBaseProtocols.swift in Sources */,
				FE556B66259CC70400066353 /* AppDelegate.swift in Sources */,
				FE556B68259CC70400066353 /* SceneDelegate.swift in Sources */,
				FE556B9E259CE4BD00066353 /* CoordinatorBase.swift in Sources */,
				FE556B90259CD04800066353 /* ProductListCoordinator.swift in Sources */,
				FE556B8B259CCF1900066353 /* MainSplitViewController.swift in Sources */,
				FE556B99259CD0BD00066353 /* ProductDetailsViewController.swift in Sources */,
			);
			runOnlyForDeploymentPostprocessing = 0;
		};
		FE556B74259CC70600066353 /* Sources */ = {
			isa = PBXSourcesBuildPhase;
			buildActionMask = 2147483647;
			files = (
				FE556BAC259D42E400066353 /* AppCoordinatorTests.swift in Sources */,
				FE556BA3259D032400066353 /* TestBase.swift in Sources */,
				FE556BA0259CE84100066353 /* CoordinatorBaseTests.swift in Sources */,
			);
			runOnlyForDeploymentPostprocessing = 0;
		};
/* End PBXSourcesBuildPhase section */

/* Begin PBXTargetDependency section */
		FE556B7A259CC70600066353 /* PBXTargetDependency */ = {
			isa = PBXTargetDependency;
			target = FE556B61259CC70400066353 /* MeliProject */;
			targetProxy = FE556B79259CC70600066353 /* PBXContainerItemProxy */;
		};
/* End PBXTargetDependency section */

/* Begin XCBuildConfiguration section */
		FE556B7F259CC70600066353 /* Debug */ = {
			isa = XCBuildConfiguration;
			buildSettings = {
				ALWAYS_SEARCH_USER_PATHS = NO;
				CLANG_ANALYZER_NONNULL = YES;
				CLANG_ANALYZER_NUMBER_OBJECT_CONVERSION = YES_AGGRESSIVE;
				CLANG_CXX_LANGUAGE_STANDARD = "gnu++14";
				CLANG_CXX_LIBRARY = "libc++";
				CLANG_ENABLE_MODULES = YES;
				CLANG_ENABLE_OBJC_ARC = YES;
				CLANG_ENABLE_OBJC_WEAK = YES;
				CLANG_WARN_BLOCK_CAPTURE_AUTORELEASING = YES;
				CLANG_WARN_BOOL_CONVERSION = YES;
				CLANG_WARN_COMMA = YES;
				CLANG_WARN_CONSTANT_CONVERSION = YES;
				CLANG_WARN_DEPRECATED_OBJC_IMPLEMENTATIONS = YES;
				CLANG_WARN_DIRECT_OBJC_ISA_USAGE = YES_ERROR;
				CLANG_WARN_DOCUMENTATION_COMMENTS = YES;
				CLANG_WARN_EMPTY_BODY = YES;
				CLANG_WARN_ENUM_CONVERSION = YES;
				CLANG_WARN_INFINITE_RECURSION = YES;
				CLANG_WARN_INT_CONVERSION = YES;
				CLANG_WARN_NON_LITERAL_NULL_CONVERSION = YES;
				CLANG_WARN_OBJC_IMPLICIT_RETAIN_SELF = YES;
				CLANG_WARN_OBJC_LITERAL_CONVERSION = YES;
				CLANG_WARN_OBJC_ROOT_CLASS = YES_ERROR;
				CLANG_WARN_RANGE_LOOP_ANALYSIS = YES;
				CLANG_WARN_STRICT_PROTOTYPES = YES;
				CLANG_WARN_SUSPICIOUS_MOVE = YES;
				CLANG_WARN_UNGUARDED_AVAILABILITY = YES_AGGRESSIVE;
				CLANG_WARN_UNREACHABLE_CODE = YES;
				CLANG_WARN__DUPLICATE_METHOD_MATCH = YES;
				COPY_PHASE_STRIP = NO;
				DEBUG_INFORMATION_FORMAT = dwarf;
				ENABLE_STRICT_OBJC_MSGSEND = YES;
				ENABLE_TESTABILITY = YES;
				GCC_C_LANGUAGE_STANDARD = gnu11;
				GCC_DYNAMIC_NO_PIC = NO;
				GCC_NO_COMMON_BLOCKS = YES;
				GCC_OPTIMIZATION_LEVEL = 0;
				GCC_PREPROCESSOR_DEFINITIONS = (
					"DEBUG=1",
					"$(inherited)",
				);
				GCC_WARN_64_TO_32_BIT_CONVERSION = YES;
				GCC_WARN_ABOUT_RETURN_TYPE = YES_ERROR;
				GCC_WARN_UNDECLARED_SELECTOR = YES;
				GCC_WARN_UNINITIALIZED_AUTOS = YES_AGGRESSIVE;
				GCC_WARN_UNUSED_FUNCTION = YES;
				GCC_WARN_UNUSED_VARIABLE = YES;
				IPHONEOS_DEPLOYMENT_TARGET = 13.7;
				MTL_ENABLE_DEBUG_INFO = INCLUDE_SOURCE;
				MTL_FAST_MATH = YES;
				ONLY_ACTIVE_ARCH = YES;
				SDKROOT = iphoneos;
				SWIFT_ACTIVE_COMPILATION_CONDITIONS = DEBUG;
				SWIFT_OPTIMIZATION_LEVEL = "-Onone";
			};
			name = Debug;
		};
		FE556B80259CC70600066353 /* Release */ = {
			isa = XCBuildConfiguration;
			buildSettings = {
				ALWAYS_SEARCH_USER_PATHS = NO;
				CLANG_ANALYZER_NONNULL = YES;
				CLANG_ANALYZER_NUMBER_OBJECT_CONVERSION = YES_AGGRESSIVE;
				CLANG_CXX_LANGUAGE_STANDARD = "gnu++14";
				CLANG_CXX_LIBRARY = "libc++";
				CLANG_ENABLE_MODULES = YES;
				CLANG_ENABLE_OBJC_ARC = YES;
				CLANG_ENABLE_OBJC_WEAK = YES;
				CLANG_WARN_BLOCK_CAPTURE_AUTORELEASING = YES;
				CLANG_WARN_BOOL_CONVERSION = YES;
				CLANG_WARN_COMMA = YES;
				CLANG_WARN_CONSTANT_CONVERSION = YES;
				CLANG_WARN_DEPRECATED_OBJC_IMPLEMENTATIONS = YES;
				CLANG_WARN_DIRECT_OBJC_ISA_USAGE = YES_ERROR;
				CLANG_WARN_DOCUMENTATION_COMMENTS = YES;
				CLANG_WARN_EMPTY_BODY = YES;
				CLANG_WARN_ENUM_CONVERSION = YES;
				CLANG_WARN_INFINITE_RECURSION = YES;
				CLANG_WARN_INT_CONVERSION = YES;
				CLANG_WARN_NON_LITERAL_NULL_CONVERSION = YES;
				CLANG_WARN_OBJC_IMPLICIT_RETAIN_SELF = YES;
				CLANG_WARN_OBJC_LITERAL_CONVERSION = YES;
				CLANG_WARN_OBJC_ROOT_CLASS = YES_ERROR;
				CLANG_WARN_RANGE_LOOP_ANALYSIS = YES;
				CLANG_WARN_STRICT_PROTOTYPES = YES;
				CLANG_WARN_SUSPICIOUS_MOVE = YES;
				CLANG_WARN_UNGUARDED_AVAILABILITY = YES_AGGRESSIVE;
				CLANG_WARN_UNREACHABLE_CODE = YES;
				CLANG_WARN__DUPLICATE_METHOD_MATCH = YES;
				COPY_PHASE_STRIP = NO;
				DEBUG_INFORMATION_FORMAT = "dwarf-with-dsym";
				ENABLE_NS_ASSERTIONS = NO;
				ENABLE_STRICT_OBJC_MSGSEND = YES;
				GCC_C_LANGUAGE_STANDARD = gnu11;
				GCC_NO_COMMON_BLOCKS = YES;
				GCC_WARN_64_TO_32_BIT_CONVERSION = YES;
				GCC_WARN_ABOUT_RETURN_TYPE = YES_ERROR;
				GCC_WARN_UNDECLARED_SELECTOR = YES;
				GCC_WARN_UNINITIALIZED_AUTOS = YES_AGGRESSIVE;
				GCC_WARN_UNUSED_FUNCTION = YES;
				GCC_WARN_UNUSED_VARIABLE = YES;
				IPHONEOS_DEPLOYMENT_TARGET = 13.7;
				MTL_ENABLE_DEBUG_INFO = NO;
				MTL_FAST_MATH = YES;
				SDKROOT = iphoneos;
				SWIFT_COMPILATION_MODE = wholemodule;
				SWIFT_OPTIMIZATION_LEVEL = "-O";
				VALIDATE_PRODUCT = YES;
			};
			name = Release;
		};
		FE556B82259CC70600066353 /* Debug */ = {
			isa = XCBuildConfiguration;
			buildSettings = {
				ASSETCATALOG_COMPILER_APPICON_NAME = AppIcon;
				CODE_SIGN_STYLE = Automatic;
				DEVELOPMENT_TEAM = W2TUB8Y3WD;
				INFOPLIST_FILE = MeliProject/Info.plist;
				LD_RUNPATH_SEARCH_PATHS = (
					"$(inherited)",
					"@executable_path/Frameworks",
				);
				PRODUCT_BUNDLE_IDENTIFIER = com.dante.MeliProject;
				PRODUCT_NAME = "$(TARGET_NAME)";
				SWIFT_VERSION = 5.0;
				TARGETED_DEVICE_FAMILY = "1,2";
			};
			name = Debug;
		};
		FE556B83259CC70600066353 /* Release */ = {
			isa = XCBuildConfiguration;
			buildSettings = {
				ASSETCATALOG_COMPILER_APPICON_NAME = AppIcon;
				CODE_SIGN_STYLE = Automatic;
				DEVELOPMENT_TEAM = W2TUB8Y3WD;
				INFOPLIST_FILE = MeliProject/Info.plist;
				LD_RUNPATH_SEARCH_PATHS = (
					"$(inherited)",
					"@executable_path/Frameworks",
				);
				PRODUCT_BUNDLE_IDENTIFIER = com.dante.MeliProject;
				PRODUCT_NAME = "$(TARGET_NAME)";
				SWIFT_VERSION = 5.0;
				TARGETED_DEVICE_FAMILY = "1,2";
			};
			name = Release;
		};
		FE556B85259CC70600066353 /* Debug */ = {
			isa = XCBuildConfiguration;
			buildSettings = {
				ALWAYS_EMBED_SWIFT_STANDARD_LIBRARIES = YES;
				BUNDLE_LOADER = "$(TEST_HOST)";
				CODE_SIGN_STYLE = Automatic;
				DEVELOPMENT_TEAM = W2TUB8Y3WD;
				INFOPLIST_FILE = MeliProjectTests/Info.plist;
				IPHONEOS_DEPLOYMENT_TARGET = 13.7;
				LD_RUNPATH_SEARCH_PATHS = (
					"$(inherited)",
					"@executable_path/Frameworks",
					"@loader_path/Frameworks",
				);
				PRODUCT_BUNDLE_IDENTIFIER = com.dante.MeliProjectTests;
				PRODUCT_NAME = "$(TARGET_NAME)";
				SWIFT_VERSION = 5.0;
				TARGETED_DEVICE_FAMILY = "1,2";
				TEST_HOST = "$(BUILT_PRODUCTS_DIR)/MeliProject.app/MeliProject";
			};
			name = Debug;
		};
		FE556B86259CC70600066353 /* Release */ = {
			isa = XCBuildConfiguration;
			buildSettings = {
				ALWAYS_EMBED_SWIFT_STANDARD_LIBRARIES = YES;
				BUNDLE_LOADER = "$(TEST_HOST)";
				CODE_SIGN_STYLE = Automatic;
				DEVELOPMENT_TEAM = W2TUB8Y3WD;
				INFOPLIST_FILE = MeliProjectTests/Info.plist;
				IPHONEOS_DEPLOYMENT_TARGET = 13.7;
				LD_RUNPATH_SEARCH_PATHS = (
					"$(inherited)",
					"@executable_path/Frameworks",
					"@loader_path/Frameworks",
				);
				PRODUCT_BUNDLE_IDENTIFIER = com.dante.MeliProjectTests;
				PRODUCT_NAME = "$(TARGET_NAME)";
				SWIFT_VERSION = 5.0;
				TARGETED_DEVICE_FAMILY = "1,2";
				TEST_HOST = "$(BUILT_PRODUCTS_DIR)/MeliProject.app/MeliProject";
			};
			name = Release;
		};
/* End XCBuildConfiguration section */

/* Begin XCConfigurationList section */
		FE556B5D259CC70400066353 /* Build configuration list for PBXProject "MeliProject" */ = {
			isa = XCConfigurationList;
			buildConfigurations = (
				FE556B7F259CC70600066353 /* Debug */,
				FE556B80259CC70600066353 /* Release */,
			);
			defaultConfigurationIsVisible = 0;
			defaultConfigurationName = Release;
		};
		FE556B81259CC70600066353 /* Build configuration list for PBXNativeTarget "MeliProject" */ = {
			isa = XCConfigurationList;
			buildConfigurations = (
				FE556B82259CC70600066353 /* Debug */,
				FE556B83259CC70600066353 /* Release */,
			);
			defaultConfigurationIsVisible = 0;
			defaultConfigurationName = Release;
		};
		FE556B84259CC70600066353 /* Build configuration list for PBXNativeTarget "MeliProjectTests" */ = {
			isa = XCConfigurationList;
			buildConfigurations = (
				FE556B85259CC70600066353 /* Debug */,
				FE556B86259CC70600066353 /* Release */,
			);
			defaultConfigurationIsVisible = 0;
			defaultConfigurationName = Release;
		};
/* End XCConfigurationList section */
	};
	rootObject = FE556B5A259CC70400066353 /* Project object */;
}
