// !$*UTF8*$!
{
	archiveVersion = 1;
	classes = {
	};
	objectVersion = 50;
	objects = {

/* Begin PBXBuildFile section */
		FE556B66259CC70400066353 /* AppDelegate.swift in Sources */ = {isa = PBXBuildFile; fileRef = FE556B65259CC70400066353 /* AppDelegate.swift */; };
		FE556B68259CC70400066353 /* SceneDelegate.swift in Sources */ = {isa = PBXBuildFile; fileRef = FE556B67259CC70400066353 /* SceneDelegate.swift */; };
		FE556B6F259CC70500066353 /* Assets.xcassets in Resources */ = {isa = PBXBuildFile; fileRef = FE556B6E259CC70500066353 /* Assets.xcassets */; };
		FE556B8B259CCF1900066353 /* MainSplitViewController.swift in Sources */ = {isa = PBXBuildFile; fileRef = FE556B89259CCF1900066353 /* MainSplitViewController.swift */; };
		FE556B8C259CCF1900066353 /* MainSplitViewController.xib in Resources */ = {isa = PBXBuildFile; fileRef = FE556B8A259CCF1900066353 /* MainSplitViewController.xib */; };
		FE556B8E259CCF2E00066353 /* AppCoordinator.swift in Sources */ = {isa = PBXBuildFile; fileRef = FE556B8D259CCF2E00066353 /* AppCoordinator.swift */; };
		FE556B90259CD04800066353 /* ProductListCoordinator.swift in Sources */ = {isa = PBXBuildFile; fileRef = FE556B8F259CD04800066353 /* ProductListCoordinator.swift */; };
		FE556B92259CD06400066353 /* ProductDetailsCoordinator.swift in Sources */ = {isa = PBXBuildFile; fileRef = FE556B91259CD06400066353 /* ProductDetailsCoordinator.swift */; };
		FE556B95259CD09200066353 /* ProductListViewController.swift in Sources */ = {isa = PBXBuildFile; fileRef = FE556B93259CD09200066353 /* ProductListViewController.swift */; };
		FE556B96259CD09200066353 /* ProductListViewController.xib in Resources */ = {isa = PBXBuildFile; fileRef = FE556B94259CD09200066353 /* ProductListViewController.xib */; };
		FE556B99259CD0BD00066353 /* ProductDetailsViewController.swift in Sources */ = {isa = PBXBuildFile; fileRef = FE556B97259CD0BD00066353 /* ProductDetailsViewController.swift */; };
		FE556B9A259CD0BD00066353 /* ProductDetailsViewController.xib in Resources */ = {isa = PBXBuildFile; fileRef = FE556B98259CD0BD00066353 /* ProductDetailsViewController.xib */; };
		FE556B9E259CE4BD00066353 /* CoordinatorBase.swift in Sources */ = {isa = PBXBuildFile; fileRef = FE556B9D259CE4BD00066353 /* CoordinatorBase.swift */; };
		FE556BA0259CE84100066353 /* CoordinatorBaseTests.swift in Sources */ = {isa = PBXBuildFile; fileRef = FE556B9F259CE84100066353 /* CoordinatorBaseTests.swift */; };
		FE556BA3259D032400066353 /* TestBase.swift in Sources */ = {isa = PBXBuildFile; fileRef = FE556BA2259D032400066353 /* TestBase.swift */; };
		FE556BA5259D255B00066353 /* MainCoordinatorBase.swift in Sources */ = {isa = PBXBuildFile; fileRef = FE556BA4259D255B00066353 /* MainCoordinatorBase.swift */; };
		FE556BA7259D26F300066353 /* GenericCoordinatorBase.swift in Sources */ = {isa = PBXBuildFile; fileRef = FE556BA6259D26F300066353 /* GenericCoordinatorBase.swift */; };
		FE556BA9259D387D00066353 /* CoordinatorBaseProtocols.swift in Sources */ = {isa = PBXBuildFile; fileRef = FE556BA8259D387D00066353 /* CoordinatorBaseProtocols.swift */; };
		FE556BAC259D42E400066353 /* AppCoordinatorTests.swift in Sources */ = {isa = PBXBuildFile; fileRef = FE556BAB259D42E400066353 /* AppCoordinatorTests.swift */; };
		FE5582BE25A5F9B20043617F /* AttributesViewController.swift in Sources */ = {isa = PBXBuildFile; fileRef = FE5582BC25A5F9B20043617F /* AttributesViewController.swift */; };
		FE5582BF25A5F9B20043617F /* AttributesViewController.xib in Resources */ = {isa = PBXBuildFile; fileRef = FE5582BD25A5F9B20043617F /* AttributesViewController.xib */; };
		FE5582C225A616380043617F /* ItemDetailsBuyItemCell.swift in Sources */ = {isa = PBXBuildFile; fileRef = FE5582C025A616380043617F /* ItemDetailsBuyItemCell.swift */; };
		FE5582C325A616380043617F /* ItemDetailsBuyItemCell.xib in Resources */ = {isa = PBXBuildFile; fileRef = FE5582C125A616380043617F /* ItemDetailsBuyItemCell.xib */; };
		FE5582C625A631750043617F /* WebViewController.swift in Sources */ = {isa = PBXBuildFile; fileRef = FE5582C425A631750043617F /* WebViewController.swift */; };
		FE5582C725A631750043617F /* WebViewController.xib in Resources */ = {isa = PBXBuildFile; fileRef = FE5582C525A631750043617F /* WebViewController.xib */; };
		FE5582C925A639520043617F /* ItemDetailsBuyItemCellTests.swift in Sources */ = {isa = PBXBuildFile; fileRef = FE5582C825A639520043617F /* ItemDetailsBuyItemCellTests.swift */; };
		FE5582CD25A672AC0043617F /* UIProtocols.swift in Sources */ = {isa = PBXBuildFile; fileRef = FE5582CC25A672AC0043617F /* UIProtocols.swift */; };
		FE99EC88259D97D600AEA5AB /* ItemImmutableModel.swift in Sources */ = {isa = PBXBuildFile; fileRef = FE99EC87259D97D600AEA5AB /* ItemImmutableModel.swift */; };
		FE99EC8A259D985300AEA5AB /* JsonDecoder.swift in Sources */ = {isa = PBXBuildFile; fileRef = FE99EC89259D985300AEA5AB /* JsonDecoder.swift */; };
		FE99EC8D259D99C500AEA5AB /* ItemImmutableModelTests.swift in Sources */ = {isa = PBXBuildFile; fileRef = FE99EC8C259D99C500AEA5AB /* ItemImmutableModelTests.swift */; };
		FE99EC92259D9C0200AEA5AB /* mock_item.json in Resources */ = {isa = PBXBuildFile; fileRef = FE99EC91259D9C0200AEA5AB /* mock_item.json */; };
		FE99EC94259E53EE00AEA5AB /* ItemsImmutableModel.swift in Sources */ = {isa = PBXBuildFile; fileRef = FE99EC93259E53EE00AEA5AB /* ItemsImmutableModel.swift */; };
		FE99ECAC25A0A8F200AEA5AB /* ItemTableViewCell.swift in Sources */ = {isa = PBXBuildFile; fileRef = FE99ECAA25A0A8F200AEA5AB /* ItemTableViewCell.swift */; };
		FE99ECAD25A0A8F200AEA5AB /* ItemTableViewCell.xib in Resources */ = {isa = PBXBuildFile; fileRef = FE99ECAB25A0A8F200AEA5AB /* ItemTableViewCell.xib */; };
		FE99ECB025A0BDC900AEA5AB /* mock_items.json in Resources */ = {isa = PBXBuildFile; fileRef = FE99ECAF25A0BDC900AEA5AB /* mock_items.json */; };
		FE99ECB225A0BE6500AEA5AB /* ItemsImmutableModelTests.swift in Sources */ = {isa = PBXBuildFile; fileRef = FE99ECB125A0BE6500AEA5AB /* ItemsImmutableModelTests.swift */; };
		FE99ECB525A0C03000AEA5AB /* ProductListViewControllerTests.swift in Sources */ = {isa = PBXBuildFile; fileRef = FE99ECB425A0C03000AEA5AB /* ProductListViewControllerTests.swift */; };
		FE99ECD125A180CE00AEA5AB /* ItemDetailsHeaderCell.swift in Sources */ = {isa = PBXBuildFile; fileRef = FE99ECCF25A180CE00AEA5AB /* ItemDetailsHeaderCell.swift */; };
		FE99ECD225A180CE00AEA5AB /* ItemDetailsHeaderCell.xib in Resources */ = {isa = PBXBuildFile; fileRef = FE99ECD025A180CE00AEA5AB /* ItemDetailsHeaderCell.xib */; };
		FE99ECD525A180E300AEA5AB /* ItemDetailsPriceCell.swift in Sources */ = {isa = PBXBuildFile; fileRef = FE99ECD325A180E300AEA5AB /* ItemDetailsPriceCell.swift */; };
		FE99ECD625A180E300AEA5AB /* ItemDetailsPriceCell.xib in Resources */ = {isa = PBXBuildFile; fileRef = FE99ECD425A180E300AEA5AB /* ItemDetailsPriceCell.xib */; };
		FE99ECD825A212BF00AEA5AB /* ProductDetailsViewController.swift in Sources */ = {isa = PBXBuildFile; fileRef = FE99ECD725A212BF00AEA5AB /* ProductDetailsViewController.swift */; };
		FE99ECDB25A2213100AEA5AB /* ItemDetailsAttributesCell.swift in Sources */ = {isa = PBXBuildFile; fileRef = FE99ECD925A2213100AEA5AB /* ItemDetailsAttributesCell.swift */; };
		FE99ECDC25A2213100AEA5AB /* ItemDetailsAttributesCell.xib in Resources */ = {isa = PBXBuildFile; fileRef = FE99ECDA25A2213100AEA5AB /* ItemDetailsAttributesCell.xib */; };
		FE99ECDF25A2347A00AEA5AB /* AtttributeCell.swift in Sources */ = {isa = PBXBuildFile; fileRef = FE99ECDD25A2347A00AEA5AB /* AtttributeCell.swift */; };
		FE99ECE025A2347A00AEA5AB /* AtttributeCell.xib in Resources */ = {isa = PBXBuildFile; fileRef = FE99ECDE25A2347A00AEA5AB /* AtttributeCell.xib */; };
		FE99ECE325A3983000AEA5AB /* ItemDetailsSellerCell.swift in Sources */ = {isa = PBXBuildFile; fileRef = FE99ECE125A3983000AEA5AB /* ItemDetailsSellerCell.swift */; };
		FE99ECE425A3983000AEA5AB /* ItemDetailsSellerCell.xib in Resources */ = {isa = PBXBuildFile; fileRef = FE99ECE225A3983000AEA5AB /* ItemDetailsSellerCell.xib */; };
		FE99ECE725A3EA7700AEA5AB /* ImageCell.swift in Sources */ = {isa = PBXBuildFile; fileRef = FE99ECE525A3EA7600AEA5AB /* ImageCell.swift */; };
		FE99ECE825A3EA7700AEA5AB /* ImageCell.xib in Resources */ = {isa = PBXBuildFile; fileRef = FE99ECE625A3EA7600AEA5AB /* ImageCell.xib */; };
		FE99ECEE25A487D700AEA5AB /* Styles.swift in Sources */ = {isa = PBXBuildFile; fileRef = FE99ECED25A487D700AEA5AB /* Styles.swift */; };
		FE99ECF125A4A36A00AEA5AB /* ItemTableViewCellTests.swift in Sources */ = {isa = PBXBuildFile; fileRef = FE99ECF025A4A36A00AEA5AB /* ItemTableViewCellTests.swift */; };
		FE99ECF425A4A5C700AEA5AB /* UINib+Extensions.swift in Sources */ = {isa = PBXBuildFile; fileRef = FE99ECF325A4A5C700AEA5AB /* UINib+Extensions.swift */; };
		FE99ECF625A4B34D00AEA5AB /* ItemDetailsPriceCellTests.swift in Sources */ = {isa = PBXBuildFile; fileRef = FE99ECF525A4B34D00AEA5AB /* ItemDetailsPriceCellTests.swift */; };
		FE99ECF825A4BAF000AEA5AB /* AtttributeCellTests.swift in Sources */ = {isa = PBXBuildFile; fileRef = FE99ECF725A4BAF000AEA5AB /* AtttributeCellTests.swift */; };
		FE99ECFA25A4CB6B00AEA5AB /* ItemDetailsSellerCellTests.swift in Sources */ = {isa = PBXBuildFile; fileRef = FE99ECF925A4CB6B00AEA5AB /* ItemDetailsSellerCellTests.swift */; };
		FEF5F55125CF3DDF002F55AA /* NetworkLayer.framework in Frameworks */ = {isa = PBXBuildFile; fileRef = FEF5F54825CF3DDF002F55AA /* NetworkLayer.framework */; };
		FEF5F55825CF3DDF002F55AA /* NetworkLayerTests.swift in Sources */ = {isa = PBXBuildFile; fileRef = FEF5F55725CF3DDF002F55AA /* NetworkLayerTests.swift */; };
		FEF5F55A25CF3DDF002F55AA /* NetworkLayer.h in Headers */ = {isa = PBXBuildFile; fileRef = FEF5F54A25CF3DDF002F55AA /* NetworkLayer.h */; settings = {ATTRIBUTES = (Public, ); }; };
		FEF5F55D25CF3DDF002F55AA /* NetworkLayer.framework in Frameworks */ = {isa = PBXBuildFile; fileRef = FEF5F54825CF3DDF002F55AA /* NetworkLayer.framework */; };
		FEF5F55E25CF3DDF002F55AA /* NetworkLayer.framework in Embed Frameworks */ = {isa = PBXBuildFile; fileRef = FEF5F54825CF3DDF002F55AA /* NetworkLayer.framework */; settings = {ATTRIBUTES = (CodeSignOnCopy, RemoveHeadersOnCopy, ); }; };
		FEF5F56625CF3E7A002F55AA /* URLManager.swift in Sources */ = {isa = PBXBuildFile; fileRef = FE99EC7D259D60BE00AEA5AB /* URLManager.swift */; };
		FEF5F56725CF3E7F002F55AA /* TaskManager.swift in Sources */ = {isa = PBXBuildFile; fileRef = FE99EC81259D885100AEA5AB /* TaskManager.swift */; };
		FEF5F56825CF3E82002F55AA /* NetworkManager.swift in Sources */ = {isa = PBXBuildFile; fileRef = FE99EC7F259D65B400AEA5AB /* NetworkManager.swift */; };
		FEF5F56925CF3E86002F55AA /* NetworkManager+Search.swift in Sources */ = {isa = PBXBuildFile; fileRef = FE99EC9C259F6AF600AEA5AB /* NetworkManager+Search.swift */; };
		FEF5F56A25CF3E8A002F55AA /* NetworkManager+Image.swift in Sources */ = {isa = PBXBuildFile; fileRef = FE99ECB625A0D08700AEA5AB /* NetworkManager+Image.swift */; };
		FEF5F56B25CF3E8D002F55AA /* HTTPUtils.swift in Sources */ = {isa = PBXBuildFile; fileRef = FE99EC96259E607600AEA5AB /* HTTPUtils.swift */; };
		FEF5F56C25CF3E91002F55AA /* Listings.swift in Sources */ = {isa = PBXBuildFile; fileRef = FE99EC98259E611D00AEA5AB /* Listings.swift */; };
		FEF5F56D25CF3E95002F55AA /* PaginatedOperation.swift in Sources */ = {isa = PBXBuildFile; fileRef = FE99EC9E259FCF5100AEA5AB /* PaginatedOperation.swift */; };
		FEF5F56E25CF3E99002F55AA /* SearchOperations.swift in Sources */ = {isa = PBXBuildFile; fileRef = FE99EC84259D8B5E00AEA5AB /* SearchOperations.swift */; };
		FEF5F56F25CF3E9C002F55AA /* ImageOperation.swift in Sources */ = {isa = PBXBuildFile; fileRef = FE99ECB825A0D21B00AEA5AB /* ImageOperation.swift */; };
/* End PBXBuildFile section */

/* Begin PBXContainerItemProxy section */
		FE556B79259CC70600066353 /* PBXContainerItemProxy */ = {
			isa = PBXContainerItemProxy;
			containerPortal = FE556B5A259CC70400066353 /* Project object */;
			proxyType = 1;
			remoteGlobalIDString = FE556B61259CC70400066353;
			remoteInfo = MeliProject;
		};
		FEF5F55225CF3DDF002F55AA /* PBXContainerItemProxy */ = {
			isa = PBXContainerItemProxy;
			containerPortal = FE556B5A259CC70400066353 /* Project object */;
			proxyType = 1;
			remoteGlobalIDString = FEF5F54725CF3DDF002F55AA;
			remoteInfo = NetworkLayer;
		};
		FEF5F55425CF3DDF002F55AA /* PBXContainerItemProxy */ = {
			isa = PBXContainerItemProxy;
			containerPortal = FE556B5A259CC70400066353 /* Project object */;
			proxyType = 1;
			remoteGlobalIDString = FE556B61259CC70400066353;
			remoteInfo = MeliProject;
		};
		FEF5F55B25CF3DDF002F55AA /* PBXContainerItemProxy */ = {
			isa = PBXContainerItemProxy;
			containerPortal = FE556B5A259CC70400066353 /* Project object */;
			proxyType = 1;
			remoteGlobalIDString = FEF5F54725CF3DDF002F55AA;
			remoteInfo = NetworkLayer;
		};
/* End PBXContainerItemProxy section */

/* Begin PBXCopyFilesBuildPhase section */
		FEF5F55F25CF3DDF002F55AA /* Embed Frameworks */ = {
			isa = PBXCopyFilesBuildPhase;
			buildActionMask = 2147483647;
			dstPath = "";
			dstSubfolderSpec = 10;
			files = (
				FEF5F55E25CF3DDF002F55AA /* NetworkLayer.framework in Embed Frameworks */,
			);
			name = "Embed Frameworks";
			runOnlyForDeploymentPostprocessing = 0;
		};
/* End PBXCopyFilesBuildPhase section */

/* Begin PBXFileReference section */
		FE556B62259CC70400066353 /* MeliProject.app */ = {isa = PBXFileReference; explicitFileType = wrapper.application; includeInIndex = 0; path = MeliProject.app; sourceTree = BUILT_PRODUCTS_DIR; };
		FE556B65259CC70400066353 /* AppDelegate.swift */ = {isa = PBXFileReference; lastKnownFileType = sourcecode.swift; path = AppDelegate.swift; sourceTree = "<group>"; };
		FE556B67259CC70400066353 /* SceneDelegate.swift */ = {isa = PBXFileReference; lastKnownFileType = sourcecode.swift; path = SceneDelegate.swift; sourceTree = "<group>"; };
		FE556B6E259CC70500066353 /* Assets.xcassets */ = {isa = PBXFileReference; lastKnownFileType = folder.assetcatalog; path = Assets.xcassets; sourceTree = "<group>"; };
		FE556B73259CC70500066353 /* Info.plist */ = {isa = PBXFileReference; lastKnownFileType = text.plist.xml; path = Info.plist; sourceTree = "<group>"; };
		FE556B78259CC70600066353 /* MeliProjectTests.xctest */ = {isa = PBXFileReference; explicitFileType = wrapper.cfbundle; includeInIndex = 0; path = MeliProjectTests.xctest; sourceTree = BUILT_PRODUCTS_DIR; };
		FE556B7E259CC70600066353 /* Info.plist */ = {isa = PBXFileReference; lastKnownFileType = text.plist.xml; path = Info.plist; sourceTree = "<group>"; };
		FE556B89259CCF1900066353 /* MainSplitViewController.swift */ = {isa = PBXFileReference; lastKnownFileType = sourcecode.swift; path = MainSplitViewController.swift; sourceTree = "<group>"; };
		FE556B8A259CCF1900066353 /* MainSplitViewController.xib */ = {isa = PBXFileReference; lastKnownFileType = file.xib; path = MainSplitViewController.xib; sourceTree = "<group>"; };
		FE556B8D259CCF2E00066353 /* AppCoordinator.swift */ = {isa = PBXFileReference; lastKnownFileType = sourcecode.swift; path = AppCoordinator.swift; sourceTree = "<group>"; };
		FE556B8F259CD04800066353 /* ProductListCoordinator.swift */ = {isa = PBXFileReference; lastKnownFileType = sourcecode.swift; path = ProductListCoordinator.swift; sourceTree = "<group>"; };
		FE556B91259CD06400066353 /* ProductDetailsCoordinator.swift */ = {isa = PBXFileReference; lastKnownFileType = sourcecode.swift; path = ProductDetailsCoordinator.swift; sourceTree = "<group>"; };
		FE556B93259CD09200066353 /* ProductListViewController.swift */ = {isa = PBXFileReference; lastKnownFileType = sourcecode.swift; path = ProductListViewController.swift; sourceTree = "<group>"; };
		FE556B94259CD09200066353 /* ProductListViewController.xib */ = {isa = PBXFileReference; lastKnownFileType = file.xib; path = ProductListViewController.xib; sourceTree = "<group>"; };
		FE556B97259CD0BD00066353 /* ProductDetailsViewController.swift */ = {isa = PBXFileReference; lastKnownFileType = sourcecode.swift; path = ProductDetailsViewController.swift; sourceTree = "<group>"; };
		FE556B98259CD0BD00066353 /* ProductDetailsViewController.xib */ = {isa = PBXFileReference; lastKnownFileType = file.xib; path = ProductDetailsViewController.xib; sourceTree = "<group>"; };
		FE556B9D259CE4BD00066353 /* CoordinatorBase.swift */ = {isa = PBXFileReference; lastKnownFileType = sourcecode.swift; path = CoordinatorBase.swift; sourceTree = "<group>"; };
		FE556B9F259CE84100066353 /* CoordinatorBaseTests.swift */ = {isa = PBXFileReference; lastKnownFileType = sourcecode.swift; path = CoordinatorBaseTests.swift; sourceTree = "<group>"; };
		FE556BA2259D032400066353 /* TestBase.swift */ = {isa = PBXFileReference; lastKnownFileType = sourcecode.swift; path = TestBase.swift; sourceTree = "<group>"; };
		FE556BA4259D255B00066353 /* MainCoordinatorBase.swift */ = {isa = PBXFileReference; lastKnownFileType = sourcecode.swift; path = MainCoordinatorBase.swift; sourceTree = "<group>"; };
		FE556BA6259D26F300066353 /* GenericCoordinatorBase.swift */ = {isa = PBXFileReference; lastKnownFileType = sourcecode.swift; path = GenericCoordinatorBase.swift; sourceTree = "<group>"; };
		FE556BA8259D387D00066353 /* CoordinatorBaseProtocols.swift */ = {isa = PBXFileReference; lastKnownFileType = sourcecode.swift; path = CoordinatorBaseProtocols.swift; sourceTree = "<group>"; };
		FE556BAB259D42E400066353 /* AppCoordinatorTests.swift */ = {isa = PBXFileReference; lastKnownFileType = sourcecode.swift; path = AppCoordinatorTests.swift; sourceTree = "<group>"; };
		FE5582BC25A5F9B20043617F /* AttributesViewController.swift */ = {isa = PBXFileReference; lastKnownFileType = sourcecode.swift; path = AttributesViewController.swift; sourceTree = "<group>"; };
		FE5582BD25A5F9B20043617F /* AttributesViewController.xib */ = {isa = PBXFileReference; lastKnownFileType = file.xib; path = AttributesViewController.xib; sourceTree = "<group>"; };
		FE5582C025A616380043617F /* ItemDetailsBuyItemCell.swift */ = {isa = PBXFileReference; lastKnownFileType = sourcecode.swift; path = ItemDetailsBuyItemCell.swift; sourceTree = "<group>"; };
		FE5582C125A616380043617F /* ItemDetailsBuyItemCell.xib */ = {isa = PBXFileReference; lastKnownFileType = file.xib; path = ItemDetailsBuyItemCell.xib; sourceTree = "<group>"; };
		FE5582C425A631750043617F /* WebViewController.swift */ = {isa = PBXFileReference; lastKnownFileType = sourcecode.swift; path = WebViewController.swift; sourceTree = "<group>"; };
		FE5582C525A631750043617F /* WebViewController.xib */ = {isa = PBXFileReference; lastKnownFileType = file.xib; path = WebViewController.xib; sourceTree = "<group>"; };
		FE5582C825A639520043617F /* ItemDetailsBuyItemCellTests.swift */ = {isa = PBXFileReference; lastKnownFileType = sourcecode.swift; path = ItemDetailsBuyItemCellTests.swift; sourceTree = "<group>"; };
		FE5582CC25A672AC0043617F /* UIProtocols.swift */ = {isa = PBXFileReference; lastKnownFileType = sourcecode.swift; path = UIProtocols.swift; sourceTree = "<group>"; };
		FE99EC7D259D60BE00AEA5AB /* URLManager.swift */ = {isa = PBXFileReference; lastKnownFileType = sourcecode.swift; path = URLManager.swift; sourceTree = "<group>"; };
		FE99EC7F259D65B400AEA5AB /* NetworkManager.swift */ = {isa = PBXFileReference; lastKnownFileType = sourcecode.swift; path = NetworkManager.swift; sourceTree = "<group>"; };
		FE99EC81259D885100AEA5AB /* TaskManager.swift */ = {isa = PBXFileReference; lastKnownFileType = sourcecode.swift; path = TaskManager.swift; sourceTree = "<group>"; };
		FE99EC84259D8B5E00AEA5AB /* SearchOperations.swift */ = {isa = PBXFileReference; lastKnownFileType = sourcecode.swift; path = SearchOperations.swift; sourceTree = "<group>"; };
		FE99EC87259D97D600AEA5AB /* ItemImmutableModel.swift */ = {isa = PBXFileReference; lastKnownFileType = sourcecode.swift; path = ItemImmutableModel.swift; sourceTree = "<group>"; };
		FE99EC89259D985300AEA5AB /* JsonDecoder.swift */ = {isa = PBXFileReference; lastKnownFileType = sourcecode.swift; path = JsonDecoder.swift; sourceTree = "<group>"; };
		FE99EC8C259D99C500AEA5AB /* ItemImmutableModelTests.swift */ = {isa = PBXFileReference; lastKnownFileType = sourcecode.swift; path = ItemImmutableModelTests.swift; sourceTree = "<group>"; };
		FE99EC91259D9C0200AEA5AB /* mock_item.json */ = {isa = PBXFileReference; lastKnownFileType = text.json; path = mock_item.json; sourceTree = "<group>"; };
		FE99EC93259E53EE00AEA5AB /* ItemsImmutableModel.swift */ = {isa = PBXFileReference; lastKnownFileType = sourcecode.swift; path = ItemsImmutableModel.swift; sourceTree = "<group>"; };
		FE99EC96259E607600AEA5AB /* HTTPUtils.swift */ = {isa = PBXFileReference; lastKnownFileType = sourcecode.swift; path = HTTPUtils.swift; sourceTree = "<group>"; };
		FE99EC98259E611D00AEA5AB /* Listings.swift */ = {isa = PBXFileReference; lastKnownFileType = sourcecode.swift; path = Listings.swift; sourceTree = "<group>"; };
		FE99EC9C259F6AF600AEA5AB /* NetworkManager+Search.swift */ = {isa = PBXFileReference; lastKnownFileType = sourcecode.swift; path = "NetworkManager+Search.swift"; sourceTree = "<group>"; };
		FE99EC9E259FCF5100AEA5AB /* PaginatedOperation.swift */ = {isa = PBXFileReference; lastKnownFileType = sourcecode.swift; path = PaginatedOperation.swift; sourceTree = "<group>"; };
		FE99ECAA25A0A8F200AEA5AB /* ItemTableViewCell.swift */ = {isa = PBXFileReference; lastKnownFileType = sourcecode.swift; path = ItemTableViewCell.swift; sourceTree = "<group>"; };
		FE99ECAB25A0A8F200AEA5AB /* ItemTableViewCell.xib */ = {isa = PBXFileReference; lastKnownFileType = file.xib; path = ItemTableViewCell.xib; sourceTree = "<group>"; };
		FE99ECAF25A0BDC900AEA5AB /* mock_items.json */ = {isa = PBXFileReference; lastKnownFileType = text.json; path = mock_items.json; sourceTree = "<group>"; };
		FE99ECB125A0BE6500AEA5AB /* ItemsImmutableModelTests.swift */ = {isa = PBXFileReference; lastKnownFileType = sourcecode.swift; path = ItemsImmutableModelTests.swift; sourceTree = "<group>"; };
		FE99ECB425A0C03000AEA5AB /* ProductListViewControllerTests.swift */ = {isa = PBXFileReference; lastKnownFileType = sourcecode.swift; path = ProductListViewControllerTests.swift; sourceTree = "<group>"; };
		FE99ECB625A0D08700AEA5AB /* NetworkManager+Image.swift */ = {isa = PBXFileReference; lastKnownFileType = sourcecode.swift; path = "NetworkManager+Image.swift"; sourceTree = "<group>"; };
		FE99ECB825A0D21B00AEA5AB /* ImageOperation.swift */ = {isa = PBXFileReference; lastKnownFileType = sourcecode.swift; path = ImageOperation.swift; sourceTree = "<group>"; };
		FE99ECCF25A180CE00AEA5AB /* ItemDetailsHeaderCell.swift */ = {isa = PBXFileReference; lastKnownFileType = sourcecode.swift; path = ItemDetailsHeaderCell.swift; sourceTree = "<group>"; };
		FE99ECD025A180CE00AEA5AB /* ItemDetailsHeaderCell.xib */ = {isa = PBXFileReference; lastKnownFileType = file.xib; path = ItemDetailsHeaderCell.xib; sourceTree = "<group>"; };
		FE99ECD325A180E300AEA5AB /* ItemDetailsPriceCell.swift */ = {isa = PBXFileReference; lastKnownFileType = sourcecode.swift; path = ItemDetailsPriceCell.swift; sourceTree = "<group>"; };
		FE99ECD425A180E300AEA5AB /* ItemDetailsPriceCell.xib */ = {isa = PBXFileReference; lastKnownFileType = file.xib; path = ItemDetailsPriceCell.xib; sourceTree = "<group>"; };
		FE99ECD725A212BF00AEA5AB /* ProductDetailsViewController.swift */ = {isa = PBXFileReference; lastKnownFileType = sourcecode.swift; path = ProductDetailsViewController.swift; sourceTree = "<group>"; };
		FE99ECD925A2213100AEA5AB /* ItemDetailsAttributesCell.swift */ = {isa = PBXFileReference; lastKnownFileType = sourcecode.swift; path = ItemDetailsAttributesCell.swift; sourceTree = "<group>"; };
		FE99ECDA25A2213100AEA5AB /* ItemDetailsAttributesCell.xib */ = {isa = PBXFileReference; lastKnownFileType = file.xib; path = ItemDetailsAttributesCell.xib; sourceTree = "<group>"; };
		FE99ECDD25A2347A00AEA5AB /* AtttributeCell.swift */ = {isa = PBXFileReference; lastKnownFileType = sourcecode.swift; path = AtttributeCell.swift; sourceTree = "<group>"; };
		FE99ECDE25A2347A00AEA5AB /* AtttributeCell.xib */ = {isa = PBXFileReference; lastKnownFileType = file.xib; path = AtttributeCell.xib; sourceTree = "<group>"; };
		FE99ECE125A3983000AEA5AB /* ItemDetailsSellerCell.swift */ = {isa = PBXFileReference; lastKnownFileType = sourcecode.swift; path = ItemDetailsSellerCell.swift; sourceTree = "<group>"; };
		FE99ECE225A3983000AEA5AB /* ItemDetailsSellerCell.xib */ = {isa = PBXFileReference; lastKnownFileType = file.xib; path = ItemDetailsSellerCell.xib; sourceTree = "<group>"; };
		FE99ECE525A3EA7600AEA5AB /* ImageCell.swift */ = {isa = PBXFileReference; lastKnownFileType = sourcecode.swift; path = ImageCell.swift; sourceTree = "<group>"; };
		FE99ECE625A3EA7600AEA5AB /* ImageCell.xib */ = {isa = PBXFileReference; lastKnownFileType = file.xib; path = ImageCell.xib; sourceTree = "<group>"; };
		FE99ECED25A487D700AEA5AB /* Styles.swift */ = {isa = PBXFileReference; lastKnownFileType = sourcecode.swift; path = Styles.swift; sourceTree = "<group>"; };
		FE99ECF025A4A36A00AEA5AB /* ItemTableViewCellTests.swift */ = {isa = PBXFileReference; lastKnownFileType = sourcecode.swift; path = ItemTableViewCellTests.swift; sourceTree = "<group>"; };
		FE99ECF325A4A5C700AEA5AB /* UINib+Extensions.swift */ = {isa = PBXFileReference; lastKnownFileType = sourcecode.swift; path = "UINib+Extensions.swift"; sourceTree = "<group>"; };
		FE99ECF525A4B34D00AEA5AB /* ItemDetailsPriceCellTests.swift */ = {isa = PBXFileReference; lastKnownFileType = sourcecode.swift; path = ItemDetailsPriceCellTests.swift; sourceTree = "<group>"; };
		FE99ECF725A4BAF000AEA5AB /* AtttributeCellTests.swift */ = {isa = PBXFileReference; lastKnownFileType = sourcecode.swift; path = AtttributeCellTests.swift; sourceTree = "<group>"; };
		FE99ECF925A4CB6B00AEA5AB /* ItemDetailsSellerCellTests.swift */ = {isa = PBXFileReference; lastKnownFileType = sourcecode.swift; path = ItemDetailsSellerCellTests.swift; sourceTree = "<group>"; };
		FEF5F54825CF3DDF002F55AA /* NetworkLayer.framework */ = {isa = PBXFileReference; explicitFileType = wrapper.framework; includeInIndex = 0; path = NetworkLayer.framework; sourceTree = BUILT_PRODUCTS_DIR; };
		FEF5F54A25CF3DDF002F55AA /* NetworkLayer.h */ = {isa = PBXFileReference; lastKnownFileType = sourcecode.c.h; path = NetworkLayer.h; sourceTree = "<group>"; };
		FEF5F54B25CF3DDF002F55AA /* Info.plist */ = {isa = PBXFileReference; lastKnownFileType = text.plist.xml; path = Info.plist; sourceTree = "<group>"; };
		FEF5F55025CF3DDF002F55AA /* NetworkLayerTests.xctest */ = {isa = PBXFileReference; explicitFileType = wrapper.cfbundle; includeInIndex = 0; path = NetworkLayerTests.xctest; sourceTree = BUILT_PRODUCTS_DIR; };
		FEF5F55725CF3DDF002F55AA /* NetworkLayerTests.swift */ = {isa = PBXFileReference; lastKnownFileType = sourcecode.swift; path = NetworkLayerTests.swift; sourceTree = "<group>"; };
		FEF5F55925CF3DDF002F55AA /* Info.plist */ = {isa = PBXFileReference; lastKnownFileType = text.plist.xml; path = Info.plist; sourceTree = "<group>"; };
/* End PBXFileReference section */

/* Begin PBXFrameworksBuildPhase section */
		FE556B5F259CC70400066353 /* Frameworks */ = {
			isa = PBXFrameworksBuildPhase;
			buildActionMask = 2147483647;
			files = (
				FEF5F55D25CF3DDF002F55AA /* NetworkLayer.framework in Frameworks */,
			);
			runOnlyForDeploymentPostprocessing = 0;
		};
		FE556B75259CC70600066353 /* Frameworks */ = {
			isa = PBXFrameworksBuildPhase;
			buildActionMask = 2147483647;
			files = (
			);
			runOnlyForDeploymentPostprocessing = 0;
		};
		FEF5F54525CF3DDF002F55AA /* Frameworks */ = {
			isa = PBXFrameworksBuildPhase;
			buildActionMask = 2147483647;
			files = (
			);
			runOnlyForDeploymentPostprocessing = 0;
		};
		FEF5F54D25CF3DDF002F55AA /* Frameworks */ = {
			isa = PBXFrameworksBuildPhase;
			buildActionMask = 2147483647;
			files = (
				FEF5F55125CF3DDF002F55AA /* NetworkLayer.framework in Frameworks */,
			);
			runOnlyForDeploymentPostprocessing = 0;
		};
/* End PBXFrameworksBuildPhase section */

/* Begin PBXGroup section */
		FE556B59259CC70400066353 = {
			isa = PBXGroup;
			children = (
				FE556B64259CC70400066353 /* MeliProject */,
				FE556B7B259CC70600066353 /* MeliProjectTests */,
				FEF5F54925CF3DDF002F55AA /* NetworkLayer */,
				FEF5F55625CF3DDF002F55AA /* NetworkLayerTests */,
				FE556B63259CC70400066353 /* Products */,
			);
			sourceTree = "<group>";
		};
		FE556B63259CC70400066353 /* Products */ = {
			isa = PBXGroup;
			children = (
				FE556B62259CC70400066353 /* MeliProject.app */,
				FE556B78259CC70600066353 /* MeliProjectTests.xctest */,
				FEF5F54825CF3DDF002F55AA /* NetworkLayer.framework */,
				FEF5F55025CF3DDF002F55AA /* NetworkLayerTests.xctest */,
			);
			name = Products;
			sourceTree = "<group>";
		};
		FE556B64259CC70400066353 /* MeliProject */ = {
			isa = PBXGroup;
			children = (
				FE99ECA525A000BC00AEA5AB /* UIComponents */,
				FE99EC86259D8E0D00AEA5AB /* ImmutableModels */,
				FE556B9C259CD30500066353 /* Classes */,
				FE556B9B259CD2F900066353 /* Protocols */,
				FE556B88259CCEE400066353 /* Coordinators */,
				FE556B87259CCED800066353 /* ViewControllers */,
				FE556B65259CC70400066353 /* AppDelegate.swift */,
				FE556B67259CC70400066353 /* SceneDelegate.swift */,
				FE556B6E259CC70500066353 /* Assets.xcassets */,
				FE556B73259CC70500066353 /* Info.plist */,
			);
			path = MeliProject;
			sourceTree = "<group>";
		};
		FE556B7B259CC70600066353 /* MeliProjectTests */ = {
			isa = PBXGroup;
			children = (
				FE99ECF225A4A58F00AEA5AB /* Extensions */,
				FE99ECEF25A4A29700AEA5AB /* UIComponentsTests */,
				FE99ECB325A0C01500AEA5AB /* UIViewControllerTests */,
				FE99EC8B259D999000AEA5AB /* ImmutableModelsTests */,
				FE556BAD259D4B4D00066353 /* ClassesTests */,
				FE556BAA259D42CB00066353 /* CoordinatorsTests */,
				FE556BA1259D030F00066353 /* TestProtocols */,
				FE99EC8E259D9B7D00AEA5AB /* NetworkMockResponses */,
				FE556B7E259CC70600066353 /* Info.plist */,
			);
			path = MeliProjectTests;
			sourceTree = "<group>";
		};
		FE556B87259CCED800066353 /* ViewControllers */ = {
			isa = PBXGroup;
			children = (
				FE556B89259CCF1900066353 /* MainSplitViewController.swift */,
				FE556B8A259CCF1900066353 /* MainSplitViewController.xib */,
				FE556B93259CD09200066353 /* ProductListViewController.swift */,
				FE556B94259CD09200066353 /* ProductListViewController.xib */,
				FE556B97259CD0BD00066353 /* ProductDetailsViewController.swift */,
				FE556B98259CD0BD00066353 /* ProductDetailsViewController.xib */,
				FE5582BC25A5F9B20043617F /* AttributesViewController.swift */,
				FE5582BD25A5F9B20043617F /* AttributesViewController.xib */,
				FE5582C425A631750043617F /* WebViewController.swift */,
				FE5582C525A631750043617F /* WebViewController.xib */,
			);
			path = ViewControllers;
			sourceTree = "<group>";
		};
		FE556B88259CCEE400066353 /* Coordinators */ = {
			isa = PBXGroup;
			children = (
				FE556B8D259CCF2E00066353 /* AppCoordinator.swift */,
				FE556B8F259CD04800066353 /* ProductListCoordinator.swift */,
				FE556B91259CD06400066353 /* ProductDetailsCoordinator.swift */,
			);
			path = Coordinators;
			sourceTree = "<group>";
		};
		FE556B9B259CD2F900066353 /* Protocols */ = {
			isa = PBXGroup;
			children = (
				FE556BA8259D387D00066353 /* CoordinatorBaseProtocols.swift */,
				FE5582CC25A672AC0043617F /* UIProtocols.swift */,
			);
			path = Protocols;
			sourceTree = "<group>";
		};
		FE556B9C259CD30500066353 /* Classes */ = {
			isa = PBXGroup;
			children = (
				FE556B9D259CE4BD00066353 /* CoordinatorBase.swift */,
				FE556BA4259D255B00066353 /* MainCoordinatorBase.swift */,
				FE556BA6259D26F300066353 /* GenericCoordinatorBase.swift */,
				FE99EC89259D985300AEA5AB /* JsonDecoder.swift */,
				FE99ECED25A487D700AEA5AB /* Styles.swift */,
			);
			path = Classes;
			sourceTree = "<group>";
		};
		FE556BA1259D030F00066353 /* TestProtocols */ = {
			isa = PBXGroup;
			children = (
				FE556BA2259D032400066353 /* TestBase.swift */,
			);
			path = TestProtocols;
			sourceTree = "<group>";
		};
		FE556BAA259D42CB00066353 /* CoordinatorsTests */ = {
			isa = PBXGroup;
			children = (
				FE556BAB259D42E400066353 /* AppCoordinatorTests.swift */,
			);
			path = CoordinatorsTests;
			sourceTree = "<group>";
		};
		FE556BAD259D4B4D00066353 /* ClassesTests */ = {
			isa = PBXGroup;
			children = (
				FE556B9F259CE84100066353 /* CoordinatorBaseTests.swift */,
			);
			path = ClassesTests;
			sourceTree = "<group>";
		};
		FE5582CA25A65F060043617F /* Managers */ = {
			isa = PBXGroup;
			children = (
				FE99EC7D259D60BE00AEA5AB /* URLManager.swift */,
				FE99EC81259D885100AEA5AB /* TaskManager.swift */,
				FE99EC7F259D65B400AEA5AB /* NetworkManager.swift */,
				FE99EC9C259F6AF600AEA5AB /* NetworkManager+Search.swift */,
				FE99ECB625A0D08700AEA5AB /* NetworkManager+Image.swift */,
			);
			path = Managers;
			sourceTree = "<group>";
		};
		FE99EC83259D8A1D00AEA5AB /* Operations */ = {
			isa = PBXGroup;
			children = (
				FE99EC84259D8B5E00AEA5AB /* SearchOperations.swift */,
				FE99ECB825A0D21B00AEA5AB /* ImageOperation.swift */,
			);
			path = Operations;
			sourceTree = "<group>";
		};
		FE99EC86259D8E0D00AEA5AB /* ImmutableModels */ = {
			isa = PBXGroup;
			children = (
				FE99EC87259D97D600AEA5AB /* ItemImmutableModel.swift */,
				FE99EC93259E53EE00AEA5AB /* ItemsImmutableModel.swift */,
			);
			path = ImmutableModels;
			sourceTree = "<group>";
		};
		FE99EC8B259D999000AEA5AB /* ImmutableModelsTests */ = {
			isa = PBXGroup;
			children = (
				FE99EC8C259D99C500AEA5AB /* ItemImmutableModelTests.swift */,
				FE99ECB125A0BE6500AEA5AB /* ItemsImmutableModelTests.swift */,
			);
			path = ImmutableModelsTests;
			sourceTree = "<group>";
		};
		FE99EC8E259D9B7D00AEA5AB /* NetworkMockResponses */ = {
			isa = PBXGroup;
			children = (
				FE99EC91259D9C0200AEA5AB /* mock_item.json */,
				FE99ECAF25A0BDC900AEA5AB /* mock_items.json */,
			);
			path = NetworkMockResponses;
			sourceTree = "<group>";
		};
		FE99EC95259E602D00AEA5AB /* Utils */ = {
			isa = PBXGroup;
			children = (
				FE99EC96259E607600AEA5AB /* HTTPUtils.swift */,
				FE99EC98259E611D00AEA5AB /* Listings.swift */,
				FE99EC9E259FCF5100AEA5AB /* PaginatedOperation.swift */,
			);
			path = Utils;
			sourceTree = "<group>";
		};
		FE99ECA525A000BC00AEA5AB /* UIComponents */ = {
			isa = PBXGroup;
			children = (
				FE99ECAA25A0A8F200AEA5AB /* ItemTableViewCell.swift */,
				FE99ECAB25A0A8F200AEA5AB /* ItemTableViewCell.xib */,
				FE99ECCF25A180CE00AEA5AB /* ItemDetailsHeaderCell.swift */,
				FE99ECD025A180CE00AEA5AB /* ItemDetailsHeaderCell.xib */,
				FE99ECD325A180E300AEA5AB /* ItemDetailsPriceCell.swift */,
				FE99ECD425A180E300AEA5AB /* ItemDetailsPriceCell.xib */,
				FE99ECD925A2213100AEA5AB /* ItemDetailsAttributesCell.swift */,
				FE99ECDA25A2213100AEA5AB /* ItemDetailsAttributesCell.xib */,
				FE99ECDD25A2347A00AEA5AB /* AtttributeCell.swift */,
				FE99ECDE25A2347A00AEA5AB /* AtttributeCell.xib */,
				FE99ECE125A3983000AEA5AB /* ItemDetailsSellerCell.swift */,
				FE99ECE225A3983000AEA5AB /* ItemDetailsSellerCell.xib */,
				FE99ECE525A3EA7600AEA5AB /* ImageCell.swift */,
				FE99ECE625A3EA7600AEA5AB /* ImageCell.xib */,
				FE5582C025A616380043617F /* ItemDetailsBuyItemCell.swift */,
				FE5582C125A616380043617F /* ItemDetailsBuyItemCell.xib */,
			);
			path = UIComponents;
			sourceTree = "<group>";
		};
		FE99ECB325A0C01500AEA5AB /* UIViewControllerTests */ = {
			isa = PBXGroup;
			children = (
				FE99ECB425A0C03000AEA5AB /* ProductListViewControllerTests.swift */,
				FE99ECD725A212BF00AEA5AB /* ProductDetailsViewController.swift */,
			);
			path = UIViewControllerTests;
			sourceTree = "<group>";
		};
		FE99ECEF25A4A29700AEA5AB /* UIComponentsTests */ = {
			isa = PBXGroup;
			children = (
				FE99ECF025A4A36A00AEA5AB /* ItemTableViewCellTests.swift */,
				FE99ECF525A4B34D00AEA5AB /* ItemDetailsPriceCellTests.swift */,
				FE99ECF725A4BAF000AEA5AB /* AtttributeCellTests.swift */,
				FE99ECF925A4CB6B00AEA5AB /* ItemDetailsSellerCellTests.swift */,
				FE5582C825A639520043617F /* ItemDetailsBuyItemCellTests.swift */,
			);
			path = UIComponentsTests;
			sourceTree = "<group>";
		};
		FE99ECF225A4A58F00AEA5AB /* Extensions */ = {
			isa = PBXGroup;
			children = (
				FE99ECF325A4A5C700AEA5AB /* UINib+Extensions.swift */,
			);
			path = Extensions;
			sourceTree = "<group>";
		};
		FEF5F54925CF3DDF002F55AA /* NetworkLayer */ = {
			isa = PBXGroup;
			children = (
				FE5582CA25A65F060043617F /* Managers */,
				FE99EC95259E602D00AEA5AB /* Utils */,
				FE99EC83259D8A1D00AEA5AB /* Operations */,
				FEF5F54A25CF3DDF002F55AA /* NetworkLayer.h */,
				FEF5F54B25CF3DDF002F55AA /* Info.plist */,
			);
			path = NetworkLayer;
			sourceTree = "<group>";
		};
		FEF5F55625CF3DDF002F55AA /* NetworkLayerTests */ = {
			isa = PBXGroup;
			children = (
				FEF5F55725CF3DDF002F55AA /* NetworkLayerTests.swift */,
				FEF5F55925CF3DDF002F55AA /* Info.plist */,
			);
			path = NetworkLayerTests;
			sourceTree = "<group>";
		};
/* End PBXGroup section */

/* Begin PBXHeadersBuildPhase section */
		FEF5F54325CF3DDF002F55AA /* Headers */ = {
			isa = PBXHeadersBuildPhase;
			buildActionMask = 2147483647;
			files = (
				FEF5F55A25CF3DDF002F55AA /* NetworkLayer.h in Headers */,
			);
			runOnlyForDeploymentPostprocessing = 0;
		};
/* End PBXHeadersBuildPhase section */

/* Begin PBXNativeTarget section */
		FE556B61259CC70400066353 /* MeliProject */ = {
			isa = PBXNativeTarget;
			buildConfigurationList = FE556B81259CC70600066353 /* Build configuration list for PBXNativeTarget "MeliProject" */;
			buildPhases = (
				FE556B5E259CC70400066353 /* Sources */,
				FE556B5F259CC70400066353 /* Frameworks */,
				FE556B60259CC70400066353 /* Resources */,
				FEF5F55F25CF3DDF002F55AA /* Embed Frameworks */,
			);
			buildRules = (
			);
			dependencies = (
				FEF5F55C25CF3DDF002F55AA /* PBXTargetDependency */,
			);
			name = MeliProject;
			productName = MeliProject;
			productReference = FE556B62259CC70400066353 /* MeliProject.app */;
			productType = "com.apple.product-type.application";
		};
		FE556B77259CC70600066353 /* MeliProjectTests */ = {
			isa = PBXNativeTarget;
			buildConfigurationList = FE556B84259CC70600066353 /* Build configuration list for PBXNativeTarget "MeliProjectTests" */;
			buildPhases = (
				FE556B74259CC70600066353 /* Sources */,
				FE556B75259CC70600066353 /* Frameworks */,
				FE556B76259CC70600066353 /* Resources */,
			);
			buildRules = (
			);
			dependencies = (
				FE556B7A259CC70600066353 /* PBXTargetDependency */,
			);
			name = MeliProjectTests;
			productName = MeliProjectTests;
			productReference = FE556B78259CC70600066353 /* MeliProjectTests.xctest */;
			productType = "com.apple.product-type.bundle.unit-test";
		};
		FEF5F54725CF3DDF002F55AA /* NetworkLayer */ = {
			isa = PBXNativeTarget;
			buildConfigurationList = FEF5F56425CF3DDF002F55AA /* Build configuration list for PBXNativeTarget "NetworkLayer" */;
			buildPhases = (
				FEF5F54325CF3DDF002F55AA /* Headers */,
				FEF5F54425CF3DDF002F55AA /* Sources */,
				FEF5F54525CF3DDF002F55AA /* Frameworks */,
				FEF5F54625CF3DDF002F55AA /* Resources */,
			);
			buildRules = (
			);
			dependencies = (
			);
			name = NetworkLayer;
			productName = NetworkLayer;
			productReference = FEF5F54825CF3DDF002F55AA /* NetworkLayer.framework */;
			productType = "com.apple.product-type.framework";
		};
		FEF5F54F25CF3DDF002F55AA /* NetworkLayerTests */ = {
			isa = PBXNativeTarget;
			buildConfigurationList = FEF5F56525CF3DDF002F55AA /* Build configuration list for PBXNativeTarget "NetworkLayerTests" */;
			buildPhases = (
				FEF5F54C25CF3DDF002F55AA /* Sources */,
				FEF5F54D25CF3DDF002F55AA /* Frameworks */,
				FEF5F54E25CF3DDF002F55AA /* Resources */,
			);
			buildRules = (
			);
			dependencies = (
				FEF5F55325CF3DDF002F55AA /* PBXTargetDependency */,
				FEF5F55525CF3DDF002F55AA /* PBXTargetDependency */,
			);
			name = NetworkLayerTests;
			productName = NetworkLayerTests;
			productReference = FEF5F55025CF3DDF002F55AA /* NetworkLayerTests.xctest */;
			productType = "com.apple.product-type.bundle.unit-test";
		};
/* End PBXNativeTarget section */

/* Begin PBXProject section */
		FE556B5A259CC70400066353 /* Project object */ = {
			isa = PBXProject;
			attributes = {
				LastSwiftUpdateCheck = 1170;
				LastUpgradeCheck = 1170;
				ORGANIZATIONNAME = dante;
				TargetAttributes = {
					FE556B61259CC70400066353 = {
						CreatedOnToolsVersion = 11.7;
					};
					FE556B77259CC70600066353 = {
						CreatedOnToolsVersion = 11.7;
						TestTargetID = FE556B61259CC70400066353;
					};
					FEF5F54725CF3DDF002F55AA = {
						CreatedOnToolsVersion = 11.7;
					};
					FEF5F54F25CF3DDF002F55AA = {
						CreatedOnToolsVersion = 11.7;
						TestTargetID = FE556B61259CC70400066353;
					};
				};
			};
			buildConfigurationList = FE556B5D259CC70400066353 /* Build configuration list for PBXProject "MeliProject" */;
			compatibilityVersion = "Xcode 9.3";
			developmentRegion = en;
			hasScannedForEncodings = 0;
			knownRegions = (
				en,
				Base,
			);
			mainGroup = FE556B59259CC70400066353;
			productRefGroup = FE556B63259CC70400066353 /* Products */;
			projectDirPath = "";
			projectRoot = "";
			targets = (
				FE556B61259CC70400066353 /* MeliProject */,
				FE556B77259CC70600066353 /* MeliProjectTests */,
				FEF5F54725CF3DDF002F55AA /* NetworkLayer */,
				FEF5F54F25CF3DDF002F55AA /* NetworkLayerTests */,
			);
		};
/* End PBXProject section */

/* Begin PBXResourcesBuildPhase section */
		FE556B60259CC70400066353 /* Resources */ = {
			isa = PBXResourcesBuildPhase;
			buildActionMask = 2147483647;
			files = (
				FE99ECD625A180E300AEA5AB /* ItemDetailsPriceCell.xib in Resources */,
				FE556B8C259CCF1900066353 /* MainSplitViewController.xib in Resources */,
				FE99ECE425A3983000AEA5AB /* ItemDetailsSellerCell.xib in Resources */,
				FE5582C725A631750043617F /* WebViewController.xib in Resources */,
				FE5582BF25A5F9B20043617F /* AttributesViewController.xib in Resources */,
				FE99ECDC25A2213100AEA5AB /* ItemDetailsAttributesCell.xib in Resources */,
				FE556B96259CD09200066353 /* ProductListViewController.xib in Resources */,
				FE99ECD225A180CE00AEA5AB /* ItemDetailsHeaderCell.xib in Resources */,
				FE99ECE825A3EA7700AEA5AB /* ImageCell.xib in Resources */,
				FE556B9A259CD0BD00066353 /* ProductDetailsViewController.xib in Resources */,
				FE99ECE025A2347A00AEA5AB /* AtttributeCell.xib in Resources */,
				FE99ECAD25A0A8F200AEA5AB /* ItemTableViewCell.xib in Resources */,
				FE5582C325A616380043617F /* ItemDetailsBuyItemCell.xib in Resources */,
				FE556B6F259CC70500066353 /* Assets.xcassets in Resources */,
			);
			runOnlyForDeploymentPostprocessing = 0;
		};
		FE556B76259CC70600066353 /* Resources */ = {
			isa = PBXResourcesBuildPhase;
			buildActionMask = 2147483647;
			files = (
				FE99ECB025A0BDC900AEA5AB /* mock_items.json in Resources */,
				FE99EC92259D9C0200AEA5AB /* mock_item.json in Resources */,
			);
			runOnlyForDeploymentPostprocessing = 0;
		};
		FEF5F54625CF3DDF002F55AA /* Resources */ = {
			isa = PBXResourcesBuildPhase;
			buildActionMask = 2147483647;
			files = (
			);
			runOnlyForDeploymentPostprocessing = 0;
		};
		FEF5F54E25CF3DDF002F55AA /* Resources */ = {
			isa = PBXResourcesBuildPhase;
			buildActionMask = 2147483647;
			files = (
			);
			runOnlyForDeploymentPostprocessing = 0;
		};
/* End PBXResourcesBuildPhase section */

/* Begin PBXSourcesBuildPhase section */
		FE556B5E259CC70400066353 /* Sources */ = {
			isa = PBXSourcesBuildPhase;
			buildActionMask = 2147483647;
			files = (
				FE99ECEE25A487D700AEA5AB /* Styles.swift in Sources */,
				FE556BA5259D255B00066353 /* MainCoordinatorBase.swift in Sources */,
				FE99ECDB25A2213100AEA5AB /* ItemDetailsAttributesCell.swift in Sources */,
				FE99ECAC25A0A8F200AEA5AB /* ItemTableViewCell.swift in Sources */,
				FE556B8E259CCF2E00066353 /* AppCoordinator.swift in Sources */,
				FE99EC8A259D985300AEA5AB /* JsonDecoder.swift in Sources */,
				FE99EC88259D97D600AEA5AB /* ItemImmutableModel.swift in Sources */,
				FE556B92259CD06400066353 /* ProductDetailsCoordinator.swift in Sources */,
				FE5582BE25A5F9B20043617F /* AttributesViewController.swift in Sources */,
				FE5582CD25A672AC0043617F /* UIProtocols.swift in Sources */,
				FE99ECD525A180E300AEA5AB /* ItemDetailsPriceCell.swift in Sources */,
				FE556B95259CD09200066353 /* ProductListViewController.swift in Sources */,
				FE99ECE725A3EA7700AEA5AB /* ImageCell.swift in Sources */,
				FE5582C225A616380043617F /* ItemDetailsBuyItemCell.swift in Sources */,
				FE99ECE325A3983000AEA5AB /* ItemDetailsSellerCell.swift in Sources */,
				FE5582C625A631750043617F /* WebViewController.swift in Sources */,
				FE556BA7259D26F300066353 /* GenericCoordinatorBase.swift in Sources */,
				FE556BA9259D387D00066353 /* CoordinatorBaseProtocols.swift in Sources */,
				FE99EC94259E53EE00AEA5AB /* ItemsImmutableModel.swift in Sources */,
				FE556B66259CC70400066353 /* AppDelegate.swift in Sources */,
				FE556B68259CC70400066353 /* SceneDelegate.swift in Sources */,
				FE99ECDF25A2347A00AEA5AB /* AtttributeCell.swift in Sources */,
				FE556B9E259CE4BD00066353 /* CoordinatorBase.swift in Sources */,
				FE99ECD125A180CE00AEA5AB /* ItemDetailsHeaderCell.swift in Sources */,
				FE556B90259CD04800066353 /* ProductListCoordinator.swift in Sources */,
				FE556B8B259CCF1900066353 /* MainSplitViewController.swift in Sources */,
				FE556B99259CD0BD00066353 /* ProductDetailsViewController.swift in Sources */,
			);
			runOnlyForDeploymentPostprocessing = 0;
		};
		FE556B74259CC70600066353 /* Sources */ = {
			isa = PBXSourcesBuildPhase;
			buildActionMask = 2147483647;
			files = (
				FE99ECD825A212BF00AEA5AB /* ProductDetailsViewController.swift in Sources */,
				FE99ECF625A4B34D00AEA5AB /* ItemDetailsPriceCellTests.swift in Sources */,
				FE5582C925A639520043617F /* ItemDetailsBuyItemCellTests.swift in Sources */,
				FE556BAC259D42E400066353 /* AppCoordinatorTests.swift in Sources */,
				FE99ECB225A0BE6500AEA5AB /* ItemsImmutableModelTests.swift in Sources */,
				FE99ECFA25A4CB6B00AEA5AB /* ItemDetailsSellerCellTests.swift in Sources */,
				FE99ECF425A4A5C700AEA5AB /* UINib+Extensions.swift in Sources */,
				FE556BA3259D032400066353 /* TestBase.swift in Sources */,
				FE99ECF825A4BAF000AEA5AB /* AtttributeCellTests.swift in Sources */,
				FE99ECF125A4A36A00AEA5AB /* ItemTableViewCellTests.swift in Sources */,
				FE556BA0259CE84100066353 /* CoordinatorBaseTests.swift in Sources */,
				FE99ECB525A0C03000AEA5AB /* ProductListViewControllerTests.swift in Sources */,
				FE99EC8D259D99C500AEA5AB /* ItemImmutableModelTests.swift in Sources */,
			);
			runOnlyForDeploymentPostprocessing = 0;
		};
		FEF5F54425CF3DDF002F55AA /* Sources */ = {
			isa = PBXSourcesBuildPhase;
			buildActionMask = 2147483647;
			files = (
				FEF5F56C25CF3E91002F55AA /* Listings.swift in Sources */,
				FEF5F56D25CF3E95002F55AA /* PaginatedOperation.swift in Sources */,
				FEF5F56925CF3E86002F55AA /* NetworkManager+Search.swift in Sources */,
				FEF5F56A25CF3E8A002F55AA /* NetworkManager+Image.swift in Sources */,
				FEF5F56825CF3E82002F55AA /* NetworkManager.swift in Sources */,
				FEF5F56F25CF3E9C002F55AA /* ImageOperation.swift in Sources */,
				FEF5F56725CF3E7F002F55AA /* TaskManager.swift in Sources */,
				FEF5F56625CF3E7A002F55AA /* URLManager.swift in Sources */,
				FEF5F56E25CF3E99002F55AA /* SearchOperations.swift in Sources */,
				FEF5F56B25CF3E8D002F55AA /* HTTPUtils.swift in Sources */,
			);
			runOnlyForDeploymentPostprocessing = 0;
		};
		FEF5F54C25CF3DDF002F55AA /* Sources */ = {
			isa = PBXSourcesBuildPhase;
			buildActionMask = 2147483647;
			files = (
				FEF5F55825CF3DDF002F55AA /* NetworkLayerTests.swift in Sources */,
			);
			runOnlyForDeploymentPostprocessing = 0;
		};
/* End PBXSourcesBuildPhase section */

/* Begin PBXTargetDependency section */
		FE556B7A259CC70600066353 /* PBXTargetDependency */ = {
			isa = PBXTargetDependency;
			target = FE556B61259CC70400066353 /* MeliProject */;
			targetProxy = FE556B79259CC70600066353 /* PBXContainerItemProxy */;
		};
		FEF5F55325CF3DDF002F55AA /* PBXTargetDependency */ = {
			isa = PBXTargetDependency;
			target = FEF5F54725CF3DDF002F55AA /* NetworkLayer */;
			targetProxy = FEF5F55225CF3DDF002F55AA /* PBXContainerItemProxy */;
		};
		FEF5F55525CF3DDF002F55AA /* PBXTargetDependency */ = {
			isa = PBXTargetDependency;
			target = FE556B61259CC70400066353 /* MeliProject */;
			targetProxy = FEF5F55425CF3DDF002F55AA /* PBXContainerItemProxy */;
		};
		FEF5F55C25CF3DDF002F55AA /* PBXTargetDependency */ = {
			isa = PBXTargetDependency;
			target = FEF5F54725CF3DDF002F55AA /* NetworkLayer */;
			targetProxy = FEF5F55B25CF3DDF002F55AA /* PBXContainerItemProxy */;
		};
/* End PBXTargetDependency section */

/* Begin XCBuildConfiguration section */
		FE556B7F259CC70600066353 /* Debug */ = {
			isa = XCBuildConfiguration;
			buildSettings = {
				ALWAYS_SEARCH_USER_PATHS = NO;
				CLANG_ANALYZER_NONNULL = YES;
				CLANG_ANALYZER_NUMBER_OBJECT_CONVERSION = YES_AGGRESSIVE;
				CLANG_CXX_LANGUAGE_STANDARD = "gnu++14";
				CLANG_CXX_LIBRARY = "libc++";
				CLANG_ENABLE_MODULES = YES;
				CLANG_ENABLE_OBJC_ARC = YES;
				CLANG_ENABLE_OBJC_WEAK = YES;
				CLANG_WARN_BLOCK_CAPTURE_AUTORELEASING = YES;
				CLANG_WARN_BOOL_CONVERSION = YES;
				CLANG_WARN_COMMA = YES;
				CLANG_WARN_CONSTANT_CONVERSION = YES;
				CLANG_WARN_DEPRECATED_OBJC_IMPLEMENTATIONS = YES;
				CLANG_WARN_DIRECT_OBJC_ISA_USAGE = YES_ERROR;
				CLANG_WARN_DOCUMENTATION_COMMENTS = YES;
				CLANG_WARN_EMPTY_BODY = YES;
				CLANG_WARN_ENUM_CONVERSION = YES;
				CLANG_WARN_INFINITE_RECURSION = YES;
				CLANG_WARN_INT_CONVERSION = YES;
				CLANG_WARN_NON_LITERAL_NULL_CONVERSION = YES;
				CLANG_WARN_OBJC_IMPLICIT_RETAIN_SELF = YES;
				CLANG_WARN_OBJC_LITERAL_CONVERSION = YES;
				CLANG_WARN_OBJC_ROOT_CLASS = YES_ERROR;
				CLANG_WARN_RANGE_LOOP_ANALYSIS = YES;
				CLANG_WARN_STRICT_PROTOTYPES = YES;
				CLANG_WARN_SUSPICIOUS_MOVE = YES;
				CLANG_WARN_UNGUARDED_AVAILABILITY = YES_AGGRESSIVE;
				CLANG_WARN_UNREACHABLE_CODE = YES;
				CLANG_WARN__DUPLICATE_METHOD_MATCH = YES;
				COPY_PHASE_STRIP = NO;
				DEBUG_INFORMATION_FORMAT = dwarf;
				ENABLE_STRICT_OBJC_MSGSEND = YES;
				ENABLE_TESTABILITY = YES;
				GCC_C_LANGUAGE_STANDARD = gnu11;
				GCC_DYNAMIC_NO_PIC = NO;
				GCC_NO_COMMON_BLOCKS = YES;
				GCC_OPTIMIZATION_LEVEL = 0;
				GCC_PREPROCESSOR_DEFINITIONS = (
					"DEBUG=1",
					"$(inherited)",
				);
				GCC_WARN_64_TO_32_BIT_CONVERSION = YES;
				GCC_WARN_ABOUT_RETURN_TYPE = YES_ERROR;
				GCC_WARN_UNDECLARED_SELECTOR = YES;
				GCC_WARN_UNINITIALIZED_AUTOS = YES_AGGRESSIVE;
				GCC_WARN_UNUSED_FUNCTION = YES;
				GCC_WARN_UNUSED_VARIABLE = YES;
				IPHONEOS_DEPLOYMENT_TARGET = 13.7;
				MTL_ENABLE_DEBUG_INFO = INCLUDE_SOURCE;
				MTL_FAST_MATH = YES;
				ONLY_ACTIVE_ARCH = YES;
				SDKROOT = iphoneos;
				SWIFT_ACTIVE_COMPILATION_CONDITIONS = DEBUG;
				SWIFT_OPTIMIZATION_LEVEL = "-Onone";
			};
			name = Debug;
		};
		FE556B80259CC70600066353 /* Release */ = {
			isa = XCBuildConfiguration;
			buildSettings = {
				ALWAYS_SEARCH_USER_PATHS = NO;
				CLANG_ANALYZER_NONNULL = YES;
				CLANG_ANALYZER_NUMBER_OBJECT_CONVERSION = YES_AGGRESSIVE;
				CLANG_CXX_LANGUAGE_STANDARD = "gnu++14";
				CLANG_CXX_LIBRARY = "libc++";
				CLANG_ENABLE_MODULES = YES;
				CLANG_ENABLE_OBJC_ARC = YES;
				CLANG_ENABLE_OBJC_WEAK = YES;
				CLANG_WARN_BLOCK_CAPTURE_AUTORELEASING = YES;
				CLANG_WARN_BOOL_CONVERSION = YES;
				CLANG_WARN_COMMA = YES;
				CLANG_WARN_CONSTANT_CONVERSION = YES;
				CLANG_WARN_DEPRECATED_OBJC_IMPLEMENTATIONS = YES;
				CLANG_WARN_DIRECT_OBJC_ISA_USAGE = YES_ERROR;
				CLANG_WARN_DOCUMENTATION_COMMENTS = YES;
				CLANG_WARN_EMPTY_BODY = YES;
				CLANG_WARN_ENUM_CONVERSION = YES;
				CLANG_WARN_INFINITE_RECURSION = YES;
				CLANG_WARN_INT_CONVERSION = YES;
				CLANG_WARN_NON_LITERAL_NULL_CONVERSION = YES;
				CLANG_WARN_OBJC_IMPLICIT_RETAIN_SELF = YES;
				CLANG_WARN_OBJC_LITERAL_CONVERSION = YES;
				CLANG_WARN_OBJC_ROOT_CLASS = YES_ERROR;
				CLANG_WARN_RANGE_LOOP_ANALYSIS = YES;
				CLANG_WARN_STRICT_PROTOTYPES = YES;
				CLANG_WARN_SUSPICIOUS_MOVE = YES;
				CLANG_WARN_UNGUARDED_AVAILABILITY = YES_AGGRESSIVE;
				CLANG_WARN_UNREACHABLE_CODE = YES;
				CLANG_WARN__DUPLICATE_METHOD_MATCH = YES;
				COPY_PHASE_STRIP = NO;
				DEBUG_INFORMATION_FORMAT = "dwarf-with-dsym";
				ENABLE_NS_ASSERTIONS = NO;
				ENABLE_STRICT_OBJC_MSGSEND = YES;
				GCC_C_LANGUAGE_STANDARD = gnu11;
				GCC_NO_COMMON_BLOCKS = YES;
				GCC_WARN_64_TO_32_BIT_CONVERSION = YES;
				GCC_WARN_ABOUT_RETURN_TYPE = YES_ERROR;
				GCC_WARN_UNDECLARED_SELECTOR = YES;
				GCC_WARN_UNINITIALIZED_AUTOS = YES_AGGRESSIVE;
				GCC_WARN_UNUSED_FUNCTION = YES;
				GCC_WARN_UNUSED_VARIABLE = YES;
				IPHONEOS_DEPLOYMENT_TARGET = 13.7;
				MTL_ENABLE_DEBUG_INFO = NO;
				MTL_FAST_MATH = YES;
				SDKROOT = iphoneos;
				SWIFT_COMPILATION_MODE = wholemodule;
				SWIFT_OPTIMIZATION_LEVEL = "-O";
				VALIDATE_PRODUCT = YES;
			};
			name = Release;
		};
		FE556B82259CC70600066353 /* Debug */ = {
			isa = XCBuildConfiguration;
			buildSettings = {
				ALWAYS_EMBED_SWIFT_STANDARD_LIBRARIES = YES;
				ASSETCATALOG_COMPILER_APPICON_NAME = AppIcon;
				CODE_SIGN_STYLE = Automatic;
				DEVELOPMENT_TEAM = W2TUB8Y3WD;
				INFOPLIST_FILE = MeliProject/Info.plist;
				LD_RUNPATH_SEARCH_PATHS = (
					"$(inherited)",
					"@executable_path/Frameworks",
				);
				PRODUCT_BUNDLE_IDENTIFIER = com.dante.MeliProject;
				PRODUCT_NAME = "$(TARGET_NAME)";
				SWIFT_VERSION = 5.0;
				TARGETED_DEVICE_FAMILY = "1,2";
			};
			name = Debug;
		};
		FE556B83259CC70600066353 /* Release */ = {
			isa = XCBuildConfiguration;
			buildSettings = {
				ALWAYS_EMBED_SWIFT_STANDARD_LIBRARIES = YES;
				ASSETCATALOG_COMPILER_APPICON_NAME = AppIcon;
				CODE_SIGN_STYLE = Automatic;
				DEVELOPMENT_TEAM = W2TUB8Y3WD;
				INFOPLIST_FILE = MeliProject/Info.plist;
				LD_RUNPATH_SEARCH_PATHS = (
					"$(inherited)",
					"@executable_path/Frameworks",
				);
				PRODUCT_BUNDLE_IDENTIFIER = com.dante.MeliProject;
				PRODUCT_NAME = "$(TARGET_NAME)";
				SWIFT_VERSION = 5.0;
				TARGETED_DEVICE_FAMILY = "1,2";
			};
			name = Release;
		};
		FE556B85259CC70600066353 /* Debug */ = {
			isa = XCBuildConfiguration;
			buildSettings = {
				ALWAYS_EMBED_SWIFT_STANDARD_LIBRARIES = YES;
				BUNDLE_LOADER = "$(TEST_HOST)";
				CODE_SIGN_STYLE = Automatic;
				DEVELOPMENT_TEAM = W2TUB8Y3WD;
				INFOPLIST_FILE = MeliProjectTests/Info.plist;
				IPHONEOS_DEPLOYMENT_TARGET = 13.7;
				LD_RUNPATH_SEARCH_PATHS = (
					"$(inherited)",
					"@executable_path/Frameworks",
					"@loader_path/Frameworks",
				);
				PRODUCT_BUNDLE_IDENTIFIER = com.dante.MeliProjectTests;
				PRODUCT_NAME = "$(TARGET_NAME)";
				SWIFT_VERSION = 5.0;
				TARGETED_DEVICE_FAMILY = "1,2";
				TEST_HOST = "$(BUILT_PRODUCTS_DIR)/MeliProject.app/MeliProject";
			};
			name = Debug;
		};
		FE556B86259CC70600066353 /* Release */ = {
			isa = XCBuildConfiguration;
			buildSettings = {
				ALWAYS_EMBED_SWIFT_STANDARD_LIBRARIES = YES;
				BUNDLE_LOADER = "$(TEST_HOST)";
				CODE_SIGN_STYLE = Automatic;
				DEVELOPMENT_TEAM = W2TUB8Y3WD;
				INFOPLIST_FILE = MeliProjectTests/Info.plist;
				IPHONEOS_DEPLOYMENT_TARGET = 13.7;
				LD_RUNPATH_SEARCH_PATHS = (
					"$(inherited)",
					"@executable_path/Frameworks",
					"@loader_path/Frameworks",
				);
				PRODUCT_BUNDLE_IDENTIFIER = com.dante.MeliProjectTests;
				PRODUCT_NAME = "$(TARGET_NAME)";
				SWIFT_VERSION = 5.0;
				TARGETED_DEVICE_FAMILY = "1,2";
				TEST_HOST = "$(BUILT_PRODUCTS_DIR)/MeliProject.app/MeliProject";
			};
			name = Release;
		};
		FEF5F56025CF3DDF002F55AA /* Debug */ = {
			isa = XCBuildConfiguration;
			buildSettings = {
				CODE_SIGN_STYLE = Automatic;
				CURRENT_PROJECT_VERSION = 1;
				DEFINES_MODULE = YES;
				DEVELOPMENT_TEAM = W2TUB8Y3WD;
				DYLIB_COMPATIBILITY_VERSION = 1;
				DYLIB_CURRENT_VERSION = 1;
				DYLIB_INSTALL_NAME_BASE = "@rpath";
				INFOPLIST_FILE = NetworkLayer/Info.plist;
				INSTALL_PATH = "$(LOCAL_LIBRARY_DIR)/Frameworks";
				LD_RUNPATH_SEARCH_PATHS = (
					"$(inherited)",
					"@executable_path/Frameworks",
					"@loader_path/Frameworks",
				);
				PRODUCT_BUNDLE_IDENTIFIER = com.dante.NetworkLayer;
				PRODUCT_NAME = "$(TARGET_NAME:c99extidentifier)";
				SKIP_INSTALL = YES;
				SWIFT_VERSION = 5.0;
				TARGETED_DEVICE_FAMILY = "1,2";
				VERSIONING_SYSTEM = "apple-generic";
				VERSION_INFO_PREFIX = "";
			};
			name = Debug;
		};
		FEF5F56125CF3DDF002F55AA /* Release */ = {
			isa = XCBuildConfiguration;
			buildSettings = {
				CODE_SIGN_STYLE = Automatic;
				CURRENT_PROJECT_VERSION = 1;
				DEFINES_MODULE = YES;
				DEVELOPMENT_TEAM = W2TUB8Y3WD;
				DYLIB_COMPATIBILITY_VERSION = 1;
				DYLIB_CURRENT_VERSION = 1;
				DYLIB_INSTALL_NAME_BASE = "@rpath";
				INFOPLIST_FILE = NetworkLayer/Info.plist;
				INSTALL_PATH = "$(LOCAL_LIBRARY_DIR)/Frameworks";
				LD_RUNPATH_SEARCH_PATHS = (
					"$(inherited)",
					"@executable_path/Frameworks",
					"@loader_path/Frameworks",
				);
				PRODUCT_BUNDLE_IDENTIFIER = com.dante.NetworkLayer;
				PRODUCT_NAME = "$(TARGET_NAME:c99extidentifier)";
				SKIP_INSTALL = YES;
				SWIFT_VERSION = 5.0;
				TARGETED_DEVICE_FAMILY = "1,2";
				VERSIONING_SYSTEM = "apple-generic";
				VERSION_INFO_PREFIX = "";
			};
			name = Release;
		};
		FEF5F56225CF3DDF002F55AA /* Debug */ = {
			isa = XCBuildConfiguration;
			buildSettings = {
				ALWAYS_EMBED_SWIFT_STANDARD_LIBRARIES = YES;
				CODE_SIGN_STYLE = Automatic;
				DEVELOPMENT_TEAM = W2TUB8Y3WD;
				INFOPLIST_FILE = NetworkLayerTests/Info.plist;
				LD_RUNPATH_SEARCH_PATHS = (
					"$(inherited)",
					"@executable_path/Frameworks",
					"@loader_path/Frameworks",
				);
				PRODUCT_BUNDLE_IDENTIFIER = com.dante.NetworkLayerTests;
				PRODUCT_NAME = "$(TARGET_NAME)";
				SWIFT_VERSION = 5.0;
				TARGETED_DEVICE_FAMILY = "1,2";
				TEST_HOST = "$(BUILT_PRODUCTS_DIR)/MeliProject.app/MeliProject";
			};
			name = Debug;
		};
		FEF5F56325CF3DDF002F55AA /* Release */ = {
			isa = XCBuildConfiguration;
			buildSettings = {
				ALWAYS_EMBED_SWIFT_STANDARD_LIBRARIES = YES;
				CODE_SIGN_STYLE = Automatic;
				DEVELOPMENT_TEAM = W2TUB8Y3WD;
				INFOPLIST_FILE = NetworkLayerTests/Info.plist;
				LD_RUNPATH_SEARCH_PATHS = (
					"$(inherited)",
					"@executable_path/Frameworks",
					"@loader_path/Frameworks",
				);
				PRODUCT_BUNDLE_IDENTIFIER = com.dante.NetworkLayerTests;
				PRODUCT_NAME = "$(TARGET_NAME)";
				SWIFT_VERSION = 5.0;
				TARGETED_DEVICE_FAMILY = "1,2";
				TEST_HOST = "$(BUILT_PRODUCTS_DIR)/MeliProject.app/MeliProject";
			};
			name = Release;
		};
/* End XCBuildConfiguration section */

/* Begin XCConfigurationList section */
		FE556B5D259CC70400066353 /* Build configuration list for PBXProject "MeliProject" */ = {
			isa = XCConfigurationList;
			buildConfigurations = (
				FE556B7F259CC70600066353 /* Debug */,
				FE556B80259CC70600066353 /* Release */,
			);
			defaultConfigurationIsVisible = 0;
			defaultConfigurationName = Release;
		};
		FE556B81259CC70600066353 /* Build configuration list for PBXNativeTarget "MeliProject" */ = {
			isa = XCConfigurationList;
			buildConfigurations = (
				FE556B82259CC70600066353 /* Debug */,
				FE556B83259CC70600066353 /* Release */,
			);
			defaultConfigurationIsVisible = 0;
			defaultConfigurationName = Release;
		};
		FE556B84259CC70600066353 /* Build configuration list for PBXNativeTarget "MeliProjectTests" */ = {
			isa = XCConfigurationList;
			buildConfigurations = (
				FE556B85259CC70600066353 /* Debug */,
				FE556B86259CC70600066353 /* Release */,
			);
			defaultConfigurationIsVisible = 0;
			defaultConfigurationName = Release;
		};
		FEF5F56425CF3DDF002F55AA /* Build configuration list for PBXNativeTarget "NetworkLayer" */ = {
			isa = XCConfigurationList;
			buildConfigurations = (
				FEF5F56025CF3DDF002F55AA /* Debug */,
				FEF5F56125CF3DDF002F55AA /* Release */,
			);
			defaultConfigurationIsVisible = 0;
			defaultConfigurationName = Release;
		};
		FEF5F56525CF3DDF002F55AA /* Build configuration list for PBXNativeTarget "NetworkLayerTests" */ = {
			isa = XCConfigurationList;
			buildConfigurations = (
				FEF5F56225CF3DDF002F55AA /* Debug */,
				FEF5F56325CF3DDF002F55AA /* Release */,
			);
			defaultConfigurationIsVisible = 0;
			defaultConfigurationName = Release;
		};
/* End XCConfigurationList section */
	};
	rootObject = FE556B5A259CC70400066353 /* Project object */;
}
